{
  "version": 4,
  "terraform_version": "0.12.24",
  "serial": 119,
  "lineage": "386d2557-3aec-cf31-5ade-f4bd298a359d",
  "outputs": {
    "backendvm_ext_private_ip": {
      "value": "10.216.8.14",
      "type": "string"
    },
    "ext_subnet_gw": {
      "value": "10.216.8.1",
      "type": "string"
    },
    "f5vm01_ext_private_ip": {
      "value": "10.216.8.5",
      "type": "string"
    },
    "f5vm01_id": {
      "value": "/subscriptions/77a036ca-421e-4694-be23-7589157c28de/resourceGroups/f5lab_rg/providers/Microsoft.Compute/virtualMachines/f5lab-f5vm01",
      "type": "string"
    },
    "f5vm02_ext_private_ip": {
      "value": "10.216.8.10",
      "type": "string"
    },
    "f5vm02_id": {
      "value": "/subscriptions/77a036ca-421e-4694-be23-7589157c28de/resourceGroups/f5lab_rg/providers/Microsoft.Compute/virtualMachines/f5lab-f5vm02",
      "type": "string"
    },
    "sg_id": {
      "value": "/subscriptions/77a036ca-421e-4694-be23-7589157c28de/resourceGroups/Networking-DevTest-RG/providers/Microsoft.Network/virtualNetworks/Cybersecurity-Engineering-DevTest-vnet/subnets/Cyber-Eng-DevTest",
      "type": "string"
    },
    "sg_name": {
      "value": "Cyber-Eng-DevTest",
      "type": "string"
    }
  },
  "resources": [
    {
      "mode": "data",
      "type": "azurerm_subnet",
      "name": "cyber",
      "provider": "provider.azurerm",
      "instances": [
        {
          "schema_version": 0,
          "attributes": {
            "address_prefix": "10.216.8.0/24",
            "enforce_private_link_endpoint_network_policies": true,
            "enforce_private_link_service_network_policies": false,
            "id": "/subscriptions/77a036ca-421e-4694-be23-7589157c28de/resourceGroups/Networking-DevTest-RG/providers/Microsoft.Network/virtualNetworks/Cybersecurity-Engineering-DevTest-vnet/subnets/Cyber-Eng-DevTest",
            "name": "Cyber-Eng-DevTest",
            "network_security_group_id": "/subscriptions/77a036ca-421e-4694-be23-7589157c28de/resourceGroups/Networking-DevTest-RG/providers/Microsoft.Network/networkSecurityGroups/cyber-devtest-nsg1",
            "resource_group_name": "Networking-DevTest-RG",
            "route_table_id": "/subscriptions/77a036ca-421e-4694-be23-7589157c28de/resourceGroups/Networking-DevTest-RG/providers/Microsoft.Network/routeTables/Cybersecurity-Engineering-DevTest-vnet-rt",
            "service_endpoints": [
              "Microsoft.ContainerRegistry",
              "Microsoft.KeyVault",
              "Microsoft.Storage"
            ],
            "timeouts": null,
            "virtual_network_name": "Cybersecurity-Engineering-DevTest-vnet"
          }
        }
      ]
    },
    {
      "mode": "data",
      "type": "template_file",
      "name": "as3_json",
      "provider": "provider.template",
      "instances": [
        {
          "schema_version": 0,
          "attributes": {
            "filename": null,
            "id": "748a21d5e8c432b5547aac352c01571f45f2ef9bd528f5fe95d335920335d336",
            "rendered": "{\r\n  \"class\": \"AS3\",\r\n  \"action\": \"deploy\",\r\n  \"persist\": true,\r\n  \"declaration\": {\r\n    \"class\": \"ADC\",\r\n    \"schemaVersion\": \"3.0.0\",\r\n    \"id\": \"123abc\",\r\n    \"label\": \"Sample 1\",\r\n    \"remark\": \"HTTPS with predictive-node pool\",\r\n    \"Sample_01\": {\r\n      \"class\": \"Tenant\",\r\n      \"Shared\": {\r\n        \"class\":\"Application\",\r\n        \"template\":\"shared\",\r\n        \"serviceAddress\": {\r\n          \"class\":\"Service_Address\",\r\n          \"virtualAddress\":\"0.0.0.0\"}\r\n      },\r\n      \"A1\": {\r\n        \"class\": \"Application\",\r\n        \"template\": \"https\",\r\n        \"serviceMain\": {\r\n          \"class\": \"Service_HTTPS\",\r\n          \"virtualPort\": 8443,\r\n          \"virtualAddresses\": [{\r\n\t    \"use\":\"/Sample_01/Shared/serviceAddress\"\r\n\t  }],\r\n          \"pool\": \"web_pool\",\r\n          \"clientTLS\": \"serverssl\",\r\n\t\t  \"serverTLS\": \"webtls\"\r\n        },\r\n        \"web_pool\": {\r\n          \"class\": \"Pool\",\r\n          \"loadBalancingMode\": \"predictive-node\",\r\n          \"members\": [{\r\n              \"servicePort\": 443,\r\n              \"serverAddresses\": [\r\n                \"10.216.8.14\"\r\n             ]  \r\n\t  }]\r\n        },\r\n\t\t\"serverssl\": {\r\n          \"class\": \"TLS_Client\"\r\n        },\r\n        \"webtls\": {\r\n          \"class\": \"TLS_Server\",\r\n          \"certificates\": [{\r\n            \"certificate\": \"webcert\"\r\n          }]\r\n        },\r\n        \"webcert\": {\r\n          \"class\": \"Certificate\",\r\n          \"remark\": \"in practice we recommend using a passphrase\",\r\n          \"certificate\": \"-----BEGIN CERTIFICATE-----\\nMIIEKjCCAxKgAwIBAgIJAOo6Jt/+kSRiMA0GCSqGSIb3DQEBCwUAMGsxCzAJBgNVBAYTAlVTMQ4wDAYDVQQIEwVUZXhhczEPMA0GA1UEBxMGRm9ybmV5MQswCQYDVQQKEwJKUDELMAkGA1UECxMCSlAxCzAJBgNVBAMTAkpQMRQwEgYJKoZIhvcNAQkBFgVqcEBqcDAeFw0yMDA0MTUxNDM1MzFaFw0yMTA0MTUxNDM1MzFaMGsxCzAJBgNVBAYTAlVTMQ4wDAYDVQQIEwVUZXhhczEPMA0GA1UEBxMGRm9ybmV5MQswCQYDVQQKEwJKUDELMAkGA1UECxMCSlAxCzAJBgNVBAMTAkpQMRQwEgYJKoZIhvcNAQkBFgVqcEBqcDCCASIwDQYJKoZIhvcNAQEBBQADggEPADCCAQoCggEBALzBeJ/Ij5X4hgXR9wWQCwvRZyMmM/t6/K9Xm/SKiCbUKcZLL7U9SDPyr4mBqJzkVrICGj+i2jlfEb634AMcSUhwkQE2o8+WyDM2vAHdsrb+e1l1SBfMo1jtgx4yRJKnvGVGto7DiIw7Wq8TUCOeXErwml7WIK7tAdVgQoqj4B+YcEsOHtc3RuZu9HHNZ98RrS3nlAwu8N2bAJiKVDFME+l2ilxRupDe/NcKmWmU29wMAVAgqwOor7cKUNwj/CAwhBu8vv6rK2/IWeLR70WX/65/3qaF3RsVLQZ3v6pkHyDmtmvk9CbysLqkHwBTJTk4gAyOHBTzX1QoeSIISYI665cCAwEAAaOB0DCBzTAdBgNVHQ4EFgQU4x8/a3CkBoTxQIZ6jAP7DFPtA80wgZ0GA1UdIwSBlTCBkoAU4x8/a3CkBoTxQIZ6jAP7DFPtA82hb6RtMGsxCzAJBgNVBAYTAlVTMQ4wDAYDVQQIEwVUZXhhczEPMA0GA1UEBxMGRm9ybmV5MQswCQYDVQQKEwJKUDELMAkGA1UECxMCSlAxCzAJBgNVBAMTAkpQMRQwEgYJKoZIhvcNAQkBFgVqcEBqcIIJAOo6Jt/+kSRiMAwGA1UdEwQFMAMBAf8wDQYJKoZIhvcNAQELBQADggEBAJls3Juqojvul8xwuWJPxlVHkWVsdEDSrhwOEvK+hvNYs3fA6+ubh08wjFSPR9D/KnUphRZqru/1gcMFk4PMq5zRwfEPuPKAb6b9VgTH0ZHD6bHVlSS9pJ4/s6Ms+4I7FbQZisHWWe+3gytMfIY2jaZfGWcQ5UtHKy1orAnYGMDCtehVf5Ps6rjd5PEGu4g1cfL7tf97y49YGllyCs8Sz3VmNJ5tbGQGA0o9AL95DiQH8nyzRUM4VP/3+obrhpOY9PH+z6cIlswgEVpj9/imsQiQC+8n2J3y5QK/yfdtsg7pWVczV7WLPh2vqWny+AOniiQH3/Px7EBho5h3mOZr9zE=\\n-----END CERTIFICATE-----\",\r\n          \"privateKey\": \"-----BEGIN RSA PRIVATE KEY-----\\nMIIEpAIBAAKCAQEAvMF4n8iPlfiGBdH3BZALC9FnIyYz+3r8r1eb9IqIJtQpxksvtT1IM/KviYGonORWsgIaP6LaOV8RvrfgAxxJSHCRATajz5bIMza8Ad2ytv57WXVIF8yjWO2DHjJEkqe8ZUa2jsOIjDtarxNQI55cSvCaXtYgru0B1WBCiqPgH5hwSw4e1zdG5m70cc1n3xGtLeeUDC7w3ZsAmIpUMUwT6XaKXFG6kN781wqZaZTb3AwBUCCrA6ivtwpQ3CP8IDCEG7y+/qsrb8hZ4tHvRZf/rn/epoXdGxUtBne/qmQfIOa2a+T0JvKwuqQfAFMlOTiADI4cFPNfVCh5IghJgjrrlwIDAQABAoIBAQCdHssi7lcfdk1RoPJnzfxz7O5WYuGYb0rRRjMKfxpQgAD6D/H5graMj3IxGx3Y43WLHZbt68iNQybJQ9QTosMZqqH5iZsYHKIvh1s+jmXKT9ErqSXGsdAzIRoo050jGr8G6rLh6b/LQ0j8PS5TR+n5c4h8cu+nzJ/fFw6syzav9Myu1yTrIeRXZK398tZw7FO/bkDp0KHUHMV9CrYvdATP+n+c5myYp+To1HwT9RmH3vZ6elJYKYKbUXzZEfxJ1wf9rNJvz6/PnCWlSgv8aYdip1JLsfVy7Ul1rmDzK+Al/QCo5hprf5hNU2Q2gWKClv1f47sabgm/bgnMA/OJJpIZAoGBAOn+PRZRgZ4nATRO6fdtHvsJP2B3hc3bKX1k1rz4VHTHms+NWfSTTRoaCU0ChS5tvWtVUBAW8mwLX/eEKb5MRf80jcQVMNCK2Xpo5e0mYinzu4JJzNwoIrd0gMQGo8+JHEaqWsXeEh8FZJ9dPswaxTkvo1CsJG7EDsmVsWtyvnhNAoGBAM6CEebB1BbJAaJMGH9iD0fSeo8PP/OwkTynLGhRgR2y2ynwUY+WfPG8xylFZSSdpi674wxanFHPeFybblFs3jE4RO/JkmIkoIlqQlkCbq2mAz40+XUBGy45Bmxy/rtDNFVTyJ/2Tf+yDI/I+FjH/Dk8aHlcnIVKZqFv4lJwRuVzAoGAaGmmYJsmN6g4BVthU6NBu8s4mJc9AcrWDLo+iDxXk3SuRAdTKKvCL++GTvLc8wbNC2QaQdO7gTLiM9Spu9zVLzgIOoMqMSSEPvcoAlaqXwX/mffMjkDqnOpDuzUrS6RnFbFWqAycEXOanvJA31rivs3fFlR6PWMHJjTB4qxlCdECgYAUylePCdiWaqo1cr/Mo0yyiGg6WuivWgllN9dqsTn0iXszH7S2ZgoyNDVA3HGwXAbNEbFsHvs56U9O038px3IfNnEKSxrnspRPAVmoqGwII3yUGLU8qF3aK3eQF4u5wqxUItlB8YQsx/onx63pEkk8Ye6KuV4wtSrb+e2pKxCYLQKBgQDRTDlPiF7obcuPIbKYwT4cfdFJaHevwuNFicdelQHm3PUHpjwEbcJ9ewWmzmalylaEmOpeif+79N3E/DbfAzUqupeOzIviJfR+XuVPT8hcmCvjzbt9/1Jl7GGEer7FgpC7cMjUWZNCdHIw1sEQkN/t5IkswXwY6LeR0dSBysjy3Q==\\n-----END RSA PRIVATE KEY-----\"\r\n        }\r\n      }\r\n    }\r\n  }\r\n}\r\n\r\n",
            "template": "{\r\n  \"class\": \"AS3\",\r\n  \"action\": \"deploy\",\r\n  \"persist\": true,\r\n  \"declaration\": {\r\n    \"class\": \"ADC\",\r\n    \"schemaVersion\": \"3.0.0\",\r\n    \"id\": \"123abc\",\r\n    \"label\": \"Sample 1\",\r\n    \"remark\": \"HTTPS with predictive-node pool\",\r\n    \"Sample_01\": {\r\n      \"class\": \"Tenant\",\r\n      \"Shared\": {\r\n        \"class\":\"Application\",\r\n        \"template\":\"shared\",\r\n        \"serviceAddress\": {\r\n          \"class\":\"Service_Address\",\r\n          \"virtualAddress\":\"0.0.0.0\"}\r\n      },\r\n      \"A1\": {\r\n        \"class\": \"Application\",\r\n        \"template\": \"https\",\r\n        \"serviceMain\": {\r\n          \"class\": \"Service_HTTPS\",\r\n          \"virtualPort\": 8443,\r\n          \"virtualAddresses\": [{\r\n\t    \"use\":\"/Sample_01/Shared/serviceAddress\"\r\n\t  }],\r\n          \"pool\": \"web_pool\",\r\n          \"clientTLS\": \"serverssl\",\r\n\t\t  \"serverTLS\": \"webtls\"\r\n        },\r\n        \"web_pool\": {\r\n          \"class\": \"Pool\",\r\n          \"loadBalancingMode\": \"predictive-node\",\r\n          \"members\": [{\r\n              \"servicePort\": 443,\r\n              \"serverAddresses\": [\r\n                \"10.216.8.14\"\r\n             ]  \r\n\t  }]\r\n        },\r\n\t\t\"serverssl\": {\r\n          \"class\": \"TLS_Client\"\r\n        },\r\n        \"webtls\": {\r\n          \"class\": \"TLS_Server\",\r\n          \"certificates\": [{\r\n            \"certificate\": \"webcert\"\r\n          }]\r\n        },\r\n        \"webcert\": {\r\n          \"class\": \"Certificate\",\r\n          \"remark\": \"in practice we recommend using a passphrase\",\r\n          \"certificate\": \"-----BEGIN CERTIFICATE-----\\nMIIEKjCCAxKgAwIBAgIJAOo6Jt/+kSRiMA0GCSqGSIb3DQEBCwUAMGsxCzAJBgNVBAYTAlVTMQ4wDAYDVQQIEwVUZXhhczEPMA0GA1UEBxMGRm9ybmV5MQswCQYDVQQKEwJKUDELMAkGA1UECxMCSlAxCzAJBgNVBAMTAkpQMRQwEgYJKoZIhvcNAQkBFgVqcEBqcDAeFw0yMDA0MTUxNDM1MzFaFw0yMTA0MTUxNDM1MzFaMGsxCzAJBgNVBAYTAlVTMQ4wDAYDVQQIEwVUZXhhczEPMA0GA1UEBxMGRm9ybmV5MQswCQYDVQQKEwJKUDELMAkGA1UECxMCSlAxCzAJBgNVBAMTAkpQMRQwEgYJKoZIhvcNAQkBFgVqcEBqcDCCASIwDQYJKoZIhvcNAQEBBQADggEPADCCAQoCggEBALzBeJ/Ij5X4hgXR9wWQCwvRZyMmM/t6/K9Xm/SKiCbUKcZLL7U9SDPyr4mBqJzkVrICGj+i2jlfEb634AMcSUhwkQE2o8+WyDM2vAHdsrb+e1l1SBfMo1jtgx4yRJKnvGVGto7DiIw7Wq8TUCOeXErwml7WIK7tAdVgQoqj4B+YcEsOHtc3RuZu9HHNZ98RrS3nlAwu8N2bAJiKVDFME+l2ilxRupDe/NcKmWmU29wMAVAgqwOor7cKUNwj/CAwhBu8vv6rK2/IWeLR70WX/65/3qaF3RsVLQZ3v6pkHyDmtmvk9CbysLqkHwBTJTk4gAyOHBTzX1QoeSIISYI665cCAwEAAaOB0DCBzTAdBgNVHQ4EFgQU4x8/a3CkBoTxQIZ6jAP7DFPtA80wgZ0GA1UdIwSBlTCBkoAU4x8/a3CkBoTxQIZ6jAP7DFPtA82hb6RtMGsxCzAJBgNVBAYTAlVTMQ4wDAYDVQQIEwVUZXhhczEPMA0GA1UEBxMGRm9ybmV5MQswCQYDVQQKEwJKUDELMAkGA1UECxMCSlAxCzAJBgNVBAMTAkpQMRQwEgYJKoZIhvcNAQkBFgVqcEBqcIIJAOo6Jt/+kSRiMAwGA1UdEwQFMAMBAf8wDQYJKoZIhvcNAQELBQADggEBAJls3Juqojvul8xwuWJPxlVHkWVsdEDSrhwOEvK+hvNYs3fA6+ubh08wjFSPR9D/KnUphRZqru/1gcMFk4PMq5zRwfEPuPKAb6b9VgTH0ZHD6bHVlSS9pJ4/s6Ms+4I7FbQZisHWWe+3gytMfIY2jaZfGWcQ5UtHKy1orAnYGMDCtehVf5Ps6rjd5PEGu4g1cfL7tf97y49YGllyCs8Sz3VmNJ5tbGQGA0o9AL95DiQH8nyzRUM4VP/3+obrhpOY9PH+z6cIlswgEVpj9/imsQiQC+8n2J3y5QK/yfdtsg7pWVczV7WLPh2vqWny+AOniiQH3/Px7EBho5h3mOZr9zE=\\n-----END CERTIFICATE-----\",\r\n          \"privateKey\": \"-----BEGIN RSA PRIVATE KEY-----\\nMIIEpAIBAAKCAQEAvMF4n8iPlfiGBdH3BZALC9FnIyYz+3r8r1eb9IqIJtQpxksvtT1IM/KviYGonORWsgIaP6LaOV8RvrfgAxxJSHCRATajz5bIMza8Ad2ytv57WXVIF8yjWO2DHjJEkqe8ZUa2jsOIjDtarxNQI55cSvCaXtYgru0B1WBCiqPgH5hwSw4e1zdG5m70cc1n3xGtLeeUDC7w3ZsAmIpUMUwT6XaKXFG6kN781wqZaZTb3AwBUCCrA6ivtwpQ3CP8IDCEG7y+/qsrb8hZ4tHvRZf/rn/epoXdGxUtBne/qmQfIOa2a+T0JvKwuqQfAFMlOTiADI4cFPNfVCh5IghJgjrrlwIDAQABAoIBAQCdHssi7lcfdk1RoPJnzfxz7O5WYuGYb0rRRjMKfxpQgAD6D/H5graMj3IxGx3Y43WLHZbt68iNQybJQ9QTosMZqqH5iZsYHKIvh1s+jmXKT9ErqSXGsdAzIRoo050jGr8G6rLh6b/LQ0j8PS5TR+n5c4h8cu+nzJ/fFw6syzav9Myu1yTrIeRXZK398tZw7FO/bkDp0KHUHMV9CrYvdATP+n+c5myYp+To1HwT9RmH3vZ6elJYKYKbUXzZEfxJ1wf9rNJvz6/PnCWlSgv8aYdip1JLsfVy7Ul1rmDzK+Al/QCo5hprf5hNU2Q2gWKClv1f47sabgm/bgnMA/OJJpIZAoGBAOn+PRZRgZ4nATRO6fdtHvsJP2B3hc3bKX1k1rz4VHTHms+NWfSTTRoaCU0ChS5tvWtVUBAW8mwLX/eEKb5MRf80jcQVMNCK2Xpo5e0mYinzu4JJzNwoIrd0gMQGo8+JHEaqWsXeEh8FZJ9dPswaxTkvo1CsJG7EDsmVsWtyvnhNAoGBAM6CEebB1BbJAaJMGH9iD0fSeo8PP/OwkTynLGhRgR2y2ynwUY+WfPG8xylFZSSdpi674wxanFHPeFybblFs3jE4RO/JkmIkoIlqQlkCbq2mAz40+XUBGy45Bmxy/rtDNFVTyJ/2Tf+yDI/I+FjH/Dk8aHlcnIVKZqFv4lJwRuVzAoGAaGmmYJsmN6g4BVthU6NBu8s4mJc9AcrWDLo+iDxXk3SuRAdTKKvCL++GTvLc8wbNC2QaQdO7gTLiM9Spu9zVLzgIOoMqMSSEPvcoAlaqXwX/mffMjkDqnOpDuzUrS6RnFbFWqAycEXOanvJA31rivs3fFlR6PWMHJjTB4qxlCdECgYAUylePCdiWaqo1cr/Mo0yyiGg6WuivWgllN9dqsTn0iXszH7S2ZgoyNDVA3HGwXAbNEbFsHvs56U9O038px3IfNnEKSxrnspRPAVmoqGwII3yUGLU8qF3aK3eQF4u5wqxUItlB8YQsx/onx63pEkk8Ye6KuV4wtSrb+e2pKxCYLQKBgQDRTDlPiF7obcuPIbKYwT4cfdFJaHevwuNFicdelQHm3PUHpjwEbcJ9ewWmzmalylaEmOpeif+79N3E/DbfAzUqupeOzIviJfR+XuVPT8hcmCvjzbt9/1Jl7GGEer7FgpC7cMjUWZNCdHIw1sEQkN/t5IkswXwY6LeR0dSBysjy3Q==\\n-----END RSA PRIVATE KEY-----\"\r\n        }\r\n      }\r\n    }\r\n  }\r\n}\r\n\r\n",
            "vars": {
              "client_id": "6ba5c3dd-879b-4d60-af68-cc279fcb7892",
              "client_secret": "ObIqdDMMUjJ?IhKHn:43qZ6b6IpOyS[_",
              "rg_name": "f5lab_rg",
              "subscription_id": "77a036ca-421e-4694-be23-7589157c28de",
              "tenant_id": "e45cbcc1-1760-419a-a16b-35802285b3b3"
            }
          }
        }
      ]
    },
    {
      "mode": "data",
      "type": "template_file",
      "name": "vm01_do_json",
      "provider": "provider.template",
      "instances": [
        {
          "schema_version": 0,
          "attributes": {
            "filename": null,
            "id": "666f8972492f5b49492b898e258badb9d1c2d694e28bf608855d093a570e822c",
            "rendered": "{\r\n    \"schemaVersion\": \"1.0.0\",\r\n    \"class\": \"Device\",\r\n    \"label\": \"Basic onboarding\",\r\n    \"Common\": {\r\n        \"class\": \"Tenant\",\r\n        \"hostname\": \"f5vm01.example.com\",\r\n        \"dbvars\": {\r\n            \"class\": \"DbVariables\",\r\n            \"ui.advisory.enabled\": true,\r\n            \"ui.advisory.color\": \"green\",\r\n            \"ui.advisory.text\": \"/Common/hostname\"\r\n        },\r\n        \"myDns\": {\r\n            \"class\": \"DNS\",\r\n            \"nameServers\": [\r\n                \"8.8.8.8\"\r\n            ],\r\n            \"search\": [\r\n                \"f5.com\"\r\n            ]\r\n        },\r\n        \"myNtp\": {\r\n            \"class\": \"NTP\",\r\n            \"servers\": [\r\n                \"0.us.pool.ntp.org\",\r\n                \"0.pool.ntp.org\",\r\n                \"1.pool.ntp.org\"\r\n            ],\r\n            \"timezone\": \"UTC\"\r\n        },\r\n        \"myProvisioning\": {\r\n            \"class\": \"Provision\",\r\n            \"ltm\": \"nominal\"\r\n        },\r\n        \"external\": {\r\n            \"class\": \"VLAN\",\r\n            \"tag\": 4094,\r\n            \"mtu\": 1500,\r\n            \"interfaces\": [\r\n                {\r\n                    \"name\": \"1.1\",\r\n                    \"tagged\": false\r\n                }\r\n            ]\r\n        },\r\n        \"external-self\": {\r\n            \"class\": \"SelfIp\",\r\n            \"address\": \"10.216.8.5/24\",\r\n            \"vlan\": \"external\",\r\n            \"allowService\": \"default\",\r\n            \"trafficGroup\": \"traffic-group-local-only\"\r\n        },\r\n        \"default\": {\r\n            \"class\": \"Route\",\r\n            \"gw\": \"10.216.8.1\",\r\n            \"network\": \"default\",\r\n            \"mtu\": 1500\r\n        },\r\n\t\t\"configsync\": {\r\n\t    \"class\": \"ConfigSync\",\r\n    \t    \"configsyncIp\": \"/Common/external-self/address\"\r\n\t},\r\n\t\"syncGroup\": {\r\n\t    \"class\": \"DeviceGroup\",\r\n\t    \"type\": \"sync-only\",\r\n\t    \"members\": [\"f5vm01.example.com\", \"f5vm02.example.com\"],\r\n\t    \"owner\": \"/Common/syncGroup/members/0\",\r\n\t    \"autoSync\": true,\r\n\t    \"saveOnAutoSync\": true,\r\n\t    \"networkFailover\": false,\r\n\t    \"fullLoadOnSync\": false,\r\n\t    \"asmSync\": false\r\n\t},\r\n\t\"trust\": {\r\n\t    \"class\": \"DeviceTrust\",\r\n\t    \"localUsername\": \"azureuser\",\r\n\t    \"localPassword\": \"7h@n05!\",\r\n\t    \"remoteHost\": \"10.216.8.10\",\r\n\t    \"remoteUsername\": \"azureuser\",\r\n\t    \"remotePassword\": \"7h@n05!\"\r\n\t}\r\n        \r\n    }\r\n}",
            "template": "{\r\n    \"schemaVersion\": \"1.0.0\",\r\n    \"class\": \"Device\",\r\n    \"label\": \"Basic onboarding\",\r\n    \"Common\": {\r\n        \"class\": \"Tenant\",\r\n        \"hostname\": \"${local_host}.example.com\",\r\n        \"dbvars\": {\r\n            \"class\": \"DbVariables\",\r\n            \"ui.advisory.enabled\": true,\r\n            \"ui.advisory.color\": \"green\",\r\n            \"ui.advisory.text\": \"/Common/hostname\"\r\n        },\r\n        \"myDns\": {\r\n            \"class\": \"DNS\",\r\n            \"nameServers\": [\r\n                \"${dns_server}\"\r\n            ],\r\n            \"search\": [\r\n                \"f5.com\"\r\n            ]\r\n        },\r\n        \"myNtp\": {\r\n            \"class\": \"NTP\",\r\n            \"servers\": [\r\n                \"${ntp_server}\",\r\n                \"0.pool.ntp.org\",\r\n                \"1.pool.ntp.org\"\r\n            ],\r\n            \"timezone\": \"${timezone}\"\r\n        },\r\n        \"myProvisioning\": {\r\n            \"class\": \"Provision\",\r\n            \"ltm\": \"nominal\"\r\n        },\r\n        \"external\": {\r\n            \"class\": \"VLAN\",\r\n            \"tag\": 4094,\r\n            \"mtu\": 1500,\r\n            \"interfaces\": [\r\n                {\r\n                    \"name\": \"1.1\",\r\n                    \"tagged\": false\r\n                }\r\n            ]\r\n        },\r\n        \"external-self\": {\r\n            \"class\": \"SelfIp\",\r\n            \"address\": \"${local_selfip}/24\",\r\n            \"vlan\": \"external\",\r\n            \"allowService\": \"default\",\r\n            \"trafficGroup\": \"traffic-group-local-only\"\r\n        },\r\n        \"default\": {\r\n            \"class\": \"Route\",\r\n            \"gw\": \"${gateway}\",\r\n            \"network\": \"default\",\r\n            \"mtu\": 1500\r\n        },\r\n\t\t\"configsync\": {\r\n\t    \"class\": \"ConfigSync\",\r\n    \t    \"configsyncIp\": \"/Common/external-self/address\"\r\n\t},\r\n\t\"syncGroup\": {\r\n\t    \"class\": \"DeviceGroup\",\r\n\t    \"type\": \"sync-only\",\r\n\t    \"members\": [\"${host1}.example.com\", \"${host2}.example.com\"],\r\n\t    \"owner\": \"/Common/syncGroup/members/0\",\r\n\t    \"autoSync\": true,\r\n\t    \"saveOnAutoSync\": true,\r\n\t    \"networkFailover\": false,\r\n\t    \"fullLoadOnSync\": false,\r\n\t    \"asmSync\": false\r\n\t},\r\n\t\"trust\": {\r\n\t    \"class\": \"DeviceTrust\",\r\n\t    \"localUsername\": \"${admin_user}\",\r\n\t    \"localPassword\": \"${admin_password}\",\r\n\t    \"remoteHost\": \"${remote_selfip}\",\r\n\t    \"remoteUsername\": \"${admin_user}\",\r\n\t    \"remotePassword\": \"${admin_password}\"\r\n\t}\r\n        \r\n    }\r\n}",
            "vars": {
              "admin_password": "7h@n05!",
              "admin_user": "azureuser",
              "dns_server": "8.8.8.8",
              "gateway": "10.216.8.1",
              "host1": "f5vm01",
              "host2": "f5vm02",
              "local_host": "f5vm01",
              "local_selfip": "10.216.8.5",
              "ntp_server": "0.us.pool.ntp.org",
              "remote_host": "f5vm02",
              "remote_selfip": "10.216.8.10",
              "timezone": "UTC"
            }
          }
        }
      ]
    },
    {
      "mode": "data",
      "type": "template_file",
      "name": "vm02_do_json",
      "provider": "provider.template",
      "instances": [
        {
          "schema_version": 0,
          "attributes": {
            "filename": null,
            "id": "a5e509110f44b2d4bd0c5b35d02226965aac1cd6a7c0515ceb7abe6c52a530fe",
            "rendered": "{\r\n    \"schemaVersion\": \"1.0.0\",\r\n    \"class\": \"Device\",\r\n    \"label\": \"Basic onboarding\",\r\n    \"Common\": {\r\n        \"class\": \"Tenant\",\r\n        \"hostname\": \"f5vm02.example.com\",\r\n        \"dbvars\": {\r\n            \"class\": \"DbVariables\",\r\n            \"ui.advisory.enabled\": true,\r\n            \"ui.advisory.color\": \"green\",\r\n            \"ui.advisory.text\": \"/Common/hostname\"\r\n        },\r\n        \"myDns\": {\r\n            \"class\": \"DNS\",\r\n            \"nameServers\": [\r\n                \"8.8.8.8\"\r\n            ],\r\n            \"search\": [\r\n                \"f5.com\"\r\n            ]\r\n        },\r\n        \"myNtp\": {\r\n            \"class\": \"NTP\",\r\n            \"servers\": [\r\n                \"0.us.pool.ntp.org\",\r\n                \"0.pool.ntp.org\",\r\n                \"1.pool.ntp.org\"\r\n            ],\r\n            \"timezone\": \"UTC\"\r\n        },\r\n        \"myProvisioning\": {\r\n            \"class\": \"Provision\",\r\n            \"ltm\": \"nominal\"\r\n        },\r\n        \"external\": {\r\n            \"class\": \"VLAN\",\r\n            \"tag\": 4094,\r\n            \"mtu\": 1500,\r\n            \"interfaces\": [\r\n                {\r\n                    \"name\": \"1.1\",\r\n                    \"tagged\": false\r\n                }\r\n            ]\r\n        },\r\n        \"external-self\": {\r\n            \"class\": \"SelfIp\",\r\n            \"address\": \"10.216.8.10/24\",\r\n            \"vlan\": \"external\",\r\n            \"allowService\": \"default\",\r\n            \"trafficGroup\": \"traffic-group-local-only\"\r\n        },\r\n        \"default\": {\r\n            \"class\": \"Route\",\r\n            \"gw\": \"10.216.8.1\",\r\n            \"network\": \"default\",\r\n            \"mtu\": 1500\r\n        },\r\n\t\t\"configsync\": {\r\n\t    \"class\": \"ConfigSync\",\r\n    \t    \"configsyncIp\": \"/Common/external-self/address\"\r\n\t},\r\n\t\"syncGroup\": {\r\n\t    \"class\": \"DeviceGroup\",\r\n\t    \"type\": \"sync-only\",\r\n\t    \"members\": [\"f5vm01.example.com\", \"f5vm02.example.com\"],\r\n\t    \"owner\": \"/Common/syncGroup/members/0\",\r\n\t    \"autoSync\": true,\r\n\t    \"saveOnAutoSync\": true,\r\n\t    \"networkFailover\": false,\r\n\t    \"fullLoadOnSync\": false,\r\n\t    \"asmSync\": false\r\n\t},\r\n\t\"trust\": {\r\n\t    \"class\": \"DeviceTrust\",\r\n\t    \"localUsername\": \"azureuser\",\r\n\t    \"localPassword\": \"7h@n05!\",\r\n\t    \"remoteHost\": \"10.216.8.5\",\r\n\t    \"remoteUsername\": \"azureuser\",\r\n\t    \"remotePassword\": \"7h@n05!\"\r\n\t}\r\n        \r\n    }\r\n}",
            "template": "{\r\n    \"schemaVersion\": \"1.0.0\",\r\n    \"class\": \"Device\",\r\n    \"label\": \"Basic onboarding\",\r\n    \"Common\": {\r\n        \"class\": \"Tenant\",\r\n        \"hostname\": \"${local_host}.example.com\",\r\n        \"dbvars\": {\r\n            \"class\": \"DbVariables\",\r\n            \"ui.advisory.enabled\": true,\r\n            \"ui.advisory.color\": \"green\",\r\n            \"ui.advisory.text\": \"/Common/hostname\"\r\n        },\r\n        \"myDns\": {\r\n            \"class\": \"DNS\",\r\n            \"nameServers\": [\r\n                \"${dns_server}\"\r\n            ],\r\n            \"search\": [\r\n                \"f5.com\"\r\n            ]\r\n        },\r\n        \"myNtp\": {\r\n            \"class\": \"NTP\",\r\n            \"servers\": [\r\n                \"${ntp_server}\",\r\n                \"0.pool.ntp.org\",\r\n                \"1.pool.ntp.org\"\r\n            ],\r\n            \"timezone\": \"${timezone}\"\r\n        },\r\n        \"myProvisioning\": {\r\n            \"class\": \"Provision\",\r\n            \"ltm\": \"nominal\"\r\n        },\r\n        \"external\": {\r\n            \"class\": \"VLAN\",\r\n            \"tag\": 4094,\r\n            \"mtu\": 1500,\r\n            \"interfaces\": [\r\n                {\r\n                    \"name\": \"1.1\",\r\n                    \"tagged\": false\r\n                }\r\n            ]\r\n        },\r\n        \"external-self\": {\r\n            \"class\": \"SelfIp\",\r\n            \"address\": \"${local_selfip}/24\",\r\n            \"vlan\": \"external\",\r\n            \"allowService\": \"default\",\r\n            \"trafficGroup\": \"traffic-group-local-only\"\r\n        },\r\n        \"default\": {\r\n            \"class\": \"Route\",\r\n            \"gw\": \"${gateway}\",\r\n            \"network\": \"default\",\r\n            \"mtu\": 1500\r\n        },\r\n\t\t\"configsync\": {\r\n\t    \"class\": \"ConfigSync\",\r\n    \t    \"configsyncIp\": \"/Common/external-self/address\"\r\n\t},\r\n\t\"syncGroup\": {\r\n\t    \"class\": \"DeviceGroup\",\r\n\t    \"type\": \"sync-only\",\r\n\t    \"members\": [\"${host1}.example.com\", \"${host2}.example.com\"],\r\n\t    \"owner\": \"/Common/syncGroup/members/0\",\r\n\t    \"autoSync\": true,\r\n\t    \"saveOnAutoSync\": true,\r\n\t    \"networkFailover\": false,\r\n\t    \"fullLoadOnSync\": false,\r\n\t    \"asmSync\": false\r\n\t},\r\n\t\"trust\": {\r\n\t    \"class\": \"DeviceTrust\",\r\n\t    \"localUsername\": \"${admin_user}\",\r\n\t    \"localPassword\": \"${admin_password}\",\r\n\t    \"remoteHost\": \"${remote_selfip}\",\r\n\t    \"remoteUsername\": \"${admin_user}\",\r\n\t    \"remotePassword\": \"${admin_password}\"\r\n\t}\r\n        \r\n    }\r\n}",
            "vars": {
              "admin_password": "7h@n05!",
              "admin_user": "azureuser",
              "dns_server": "8.8.8.8",
              "gateway": "10.216.8.1",
              "host1": "f5vm01",
              "host2": "f5vm02",
              "local_host": "f5vm02",
              "local_selfip": "10.216.8.10",
              "ntp_server": "0.us.pool.ntp.org",
              "remote_host": "f5vm01",
              "remote_selfip": "10.216.8.5",
              "timezone": "UTC"
            }
          }
        }
      ]
    },
    {
      "mode": "data",
      "type": "template_file",
      "name": "vm_onboard_backend",
      "provider": "provider.template",
      "instances": [
        {
          "schema_version": 0,
          "attributes": {
            "filename": null,
            "id": "19a4bb926d7bc58add2a9a846fbef2a3a7ce7b4204b03b52258e0955234548cf",
            "rendered": "#!/bin/bash\r\n\r\n# backend ONBOARD SCRIPT\r\n\r\nLOG_FILE=/var/log/startup-script.log\r\n\r\nif [ ! -e $LOG_FILE ]\r\nthen\r\n     touch $LOG_FILE\r\n     exec \u0026\u003e\u003e$LOG_FILE\r\nelse\r\n    #if file exists, exit as only want to run once\r\n    exit\r\nfi\r\n\r\nexec 1\u003e$LOG_FILE 2\u003e\u00261\r\n\r\n# CHECK TO SEE NETWORK IS READY\r\nCNT=0\r\nwhile true\r\ndo\r\n  STATUS=$(curl -s -k -I example.com | grep HTTP)\r\n  if [[ $STATUS == *\"200\"* ]]; then\r\n    echo \"Got 200! VE is Ready!\"\r\n    break\r\n  elif [ $CNT -le 6 ]; then\r\n    echo \"Status code: $STATUS  Not done yet...\"\r\n    CNT=$[$CNT+1]\r\n  else\r\n    echo \"GIVE UP...\"\r\n    break\r\n  fi\r\n  sleep 10\r\ndone\r\n\r\nsleep 30\r\nsudo mkdir -p /etc/nginx/api_conf.d\r\nsudo mkdir -p /etc/node-rest\r\nsudo mkdir -p /etc/nginx/ssl/keys\r\nsudo mkdir -p /etc/nginx/ssl/certs\r\nsudo cp \"/var/tmp/conf/warehouse_api_simple.conf\" /etc/nginx/api_conf.d/warehouse_api_simple.conf\r\nsudo cp \"/var/tmp/conf/api_backends.conf\" /etc/nginx/api_backends.conf\r\nsudo cp \"/var/tmp/conf/api_gateway.conf\" /etc/nginx/api_gateway.conf\r\nsudo cp \"/var/tmp/conf/api_json_errors.conf\" /etc/nginx/api_json_errors.conf \r\nsudo cp \"/var/tmp/conf/nginx.conf\" /etc/nginx/nginx.conf\r\nsudo cp \"/var/tmp/conf/jwk.json\" /etc/nginx/jwk.json\r\nsudo cp \"/var/tmp/conf/test.crt\" /etc/nginx/ssl/certs/test.crt\r\nsudo cp \"/var/tmp/conf/test.key\" /etc/nginx/ssl/keys/test.key\r\ncd /etc/node-rest\r\nsudo cp \"/var/tmp/conf/index.js\" /etc/node-rest/\r\ncurl -sL https://deb.nodesource.com/setup_10.x | sudo -E bash -\r\nsudo apt install -y nodejs\r\nsudo npm install express --save\r\nsudo npm install nodemon -g\r\nsudo systemctl restart nginx\r\nsleep 10\r\nsudo npm install pm2@latest -g\r\nsudo pm2 start index.js\r\nsudo pm2 startup systemd\r\nsudo pm2 save\r\n\r\n\r\n",
            "template": "#!/bin/bash\r\n\r\n# backend ONBOARD SCRIPT\r\n\r\nLOG_FILE=${onboard_log}\r\n\r\nif [ ! -e $LOG_FILE ]\r\nthen\r\n     touch $LOG_FILE\r\n     exec \u0026\u003e\u003e$LOG_FILE\r\nelse\r\n    #if file exists, exit as only want to run once\r\n    exit\r\nfi\r\n\r\nexec 1\u003e$LOG_FILE 2\u003e\u00261\r\n\r\n# CHECK TO SEE NETWORK IS READY\r\nCNT=0\r\nwhile true\r\ndo\r\n  STATUS=$(curl -s -k -I example.com | grep HTTP)\r\n  if [[ $STATUS == *\"200\"* ]]; then\r\n    echo \"Got 200! VE is Ready!\"\r\n    break\r\n  elif [ $CNT -le 6 ]; then\r\n    echo \"Status code: $STATUS  Not done yet...\"\r\n    CNT=$[$CNT+1]\r\n  else\r\n    echo \"GIVE UP...\"\r\n    break\r\n  fi\r\n  sleep 10\r\ndone\r\n\r\nsleep 30\r\nsudo mkdir -p /etc/nginx/api_conf.d\r\nsudo mkdir -p /etc/node-rest\r\nsudo mkdir -p /etc/nginx/ssl/keys\r\nsudo mkdir -p /etc/nginx/ssl/certs\r\nsudo cp \"/var/tmp/conf/warehouse_api_simple.conf\" /etc/nginx/api_conf.d/warehouse_api_simple.conf\r\nsudo cp \"/var/tmp/conf/api_backends.conf\" /etc/nginx/api_backends.conf\r\nsudo cp \"/var/tmp/conf/api_gateway.conf\" /etc/nginx/api_gateway.conf\r\nsudo cp \"/var/tmp/conf/api_json_errors.conf\" /etc/nginx/api_json_errors.conf \r\nsudo cp \"/var/tmp/conf/nginx.conf\" /etc/nginx/nginx.conf\r\nsudo cp \"/var/tmp/conf/jwk.json\" /etc/nginx/jwk.json\r\nsudo cp \"/var/tmp/conf/test.crt\" /etc/nginx/ssl/certs/test.crt\r\nsudo cp \"/var/tmp/conf/test.key\" /etc/nginx/ssl/keys/test.key\r\ncd /etc/node-rest\r\nsudo cp \"/var/tmp/conf/index.js\" /etc/node-rest/\r\ncurl -sL https://deb.nodesource.com/setup_10.x | sudo -E bash -\r\nsudo apt install -y nodejs\r\nsudo npm install express --save\r\nsudo npm install nodemon -g\r\nsudo systemctl restart nginx\r\nsleep 10\r\nsudo npm install pm2@latest -g\r\nsudo pm2 start index.js\r\nsudo pm2 startup systemd\r\nsudo pm2 save\r\n\r\n\r\n",
            "vars": {
              "onboard_log": "/var/log/startup-script.log"
            }
          }
        }
      ]
    },
    {
      "mode": "data",
      "type": "template_file",
      "name": "vm_onboard_f5",
      "provider": "provider.template",
      "instances": [
        {
          "schema_version": 0,
          "attributes": {
            "filename": null,
            "id": "ddafa98808b941cbfc671d1b71dba7a6ddb424db5ec3d232f9178daa1afbaae4",
            "rendered": "#!/bin/bash\r\n\r\n# BIG-IPS ONBOARD SCRIPT\r\n\r\nLOG_FILE=/var/log/startup-script.log\r\n\r\nif [ ! -e $LOG_FILE ]\r\nthen\r\n     touch $LOG_FILE\r\n     exec \u0026\u003e\u003e$LOG_FILE\r\nelse\r\n    #if file exists, exit as only want to run once\r\n    exit\r\nfi\r\n\r\nexec 1\u003e$LOG_FILE 2\u003e\u00261\r\n\r\n# CHECK TO SEE NETWORK IS READY\r\nCNT=0\r\nwhile true\r\ndo\r\n  STATUS=$(curl -s -k -I example.com | grep HTTP)\r\n  if [[ $STATUS == *\"200\"* ]]; then\r\n    echo \"Got 200! VE is Ready!\"\r\n    break\r\n  elif [ $CNT -le 6 ]; then\r\n    echo \"Status code: $STATUS  Not done yet...\"\r\n    CNT=$[$CNT+1]\r\n  else\r\n    echo \"GIVE UP...\"\r\n    break\r\n  fi\r\n  sleep 10\r\ndone\r\n\r\ntmsh modify sys httpd ssl-port 443\r\n",
            "template": "#!/bin/bash\r\n\r\n# BIG-IPS ONBOARD SCRIPT\r\n\r\nLOG_FILE=${onboard_log}\r\n\r\nif [ ! -e $LOG_FILE ]\r\nthen\r\n     touch $LOG_FILE\r\n     exec \u0026\u003e\u003e$LOG_FILE\r\nelse\r\n    #if file exists, exit as only want to run once\r\n    exit\r\nfi\r\n\r\nexec 1\u003e$LOG_FILE 2\u003e\u00261\r\n\r\n# CHECK TO SEE NETWORK IS READY\r\nCNT=0\r\nwhile true\r\ndo\r\n  STATUS=$(curl -s -k -I example.com | grep HTTP)\r\n  if [[ $STATUS == *\"200\"* ]]; then\r\n    echo \"Got 200! VE is Ready!\"\r\n    break\r\n  elif [ $CNT -le 6 ]; then\r\n    echo \"Status code: $STATUS  Not done yet...\"\r\n    CNT=$[$CNT+1]\r\n  else\r\n    echo \"GIVE UP...\"\r\n    break\r\n  fi\r\n  sleep 10\r\ndone\r\n\r\ntmsh modify sys httpd ssl-port 443\r\n",
            "vars": {
              "onboard_log": "/var/log/startup-script.log"
            }
          }
        }
      ]
    },
    {
      "mode": "managed",
      "type": "azurerm_availability_set",
      "name": "avset",
      "provider": "provider.azurerm",
      "instances": [
        {
          "schema_version": 0,
          "attributes": {
            "id": "/subscriptions/77a036ca-421e-4694-be23-7589157c28de/resourceGroups/f5lab_rg/providers/Microsoft.Compute/availabilitySets/f5labavset",
            "location": "westus",
            "managed": true,
            "name": "f5labavset",
            "platform_fault_domain_count": 2,
            "platform_update_domain_count": 2,
            "proximity_placement_group_id": null,
            "resource_group_name": "f5lab_rg",
            "tags": {},
            "timeouts": null
          },
          "private": "eyJlMmJmYjczMC1lY2FhLTExZTYtOGY4OC0zNDM2M2JjN2M0YzAiOnsiY3JlYXRlIjoxODAwMDAwMDAwMDAwLCJkZWxldGUiOjE4MDAwMDAwMDAwMDAsInJlYWQiOjMwMDAwMDAwMDAwMCwidXBkYXRlIjoxODAwMDAwMDAwMDAwfX0=",
          "dependencies": [
            "azurerm_resource_group.main"
          ]
        }
      ]
    },
    {
      "mode": "managed",
      "type": "azurerm_lb",
      "name": "lb",
      "provider": "provider.azurerm",
      "instances": [
        {
          "schema_version": 0,
          "attributes": {
            "frontend_ip_configuration": [
              {
                "id": "/subscriptions/77a036ca-421e-4694-be23-7589157c28de/resourceGroups/f5lab_rg/providers/Microsoft.Network/loadBalancers/f5lablb/frontendIPConfigurations/LoadBalancerFrontEnd",
                "inbound_nat_rules": [],
                "load_balancer_rules": [
                  "/subscriptions/77a036ca-421e-4694-be23-7589157c28de/resourceGroups/f5lab_rg/providers/Microsoft.Network/loadBalancers/f5lablb/loadBalancingRules/LBRule"
                ],
                "name": "LoadBalancerFrontEnd",
                "outbound_rules": [],
                "private_ip_address": "10.216.8.7",
                "private_ip_address_allocation": "Static",
                "private_ip_address_version": "IPv4",
                "public_ip_address_id": "",
                "public_ip_prefix_id": "",
                "subnet_id": "/subscriptions/77a036ca-421e-4694-be23-7589157c28de/resourceGroups/Networking-DevTest-RG/providers/Microsoft.Network/virtualNetworks/Cybersecurity-Engineering-DevTest-vnet/subnets/Cyber-Eng-DevTest",
                "zones": []
              }
            ],
            "id": "/subscriptions/77a036ca-421e-4694-be23-7589157c28de/resourceGroups/f5lab_rg/providers/Microsoft.Network/loadBalancers/f5lablb",
            "location": "westus",
            "name": "f5lablb",
            "private_ip_address": "10.216.8.7",
            "private_ip_addresses": [
              "10.216.8.7"
            ],
            "resource_group_name": "f5lab_rg",
            "sku": "Basic",
            "tags": {},
            "timeouts": null
          },
          "private": "eyJlMmJmYjczMC1lY2FhLTExZTYtOGY4OC0zNDM2M2JjN2M0YzAiOnsiY3JlYXRlIjoxODAwMDAwMDAwMDAwLCJkZWxldGUiOjE4MDAwMDAwMDAwMDAsInJlYWQiOjMwMDAwMDAwMDAwMCwidXBkYXRlIjoxODAwMDAwMDAwMDAwfX0=",
          "dependencies": [
            "azurerm_resource_group.main"
          ]
        }
      ]
    },
    {
      "mode": "managed",
      "type": "azurerm_lb_backend_address_pool",
      "name": "backend_pool",
      "provider": "provider.azurerm",
      "instances": [
        {
          "schema_version": 0,
          "attributes": {
            "backend_ip_configurations": [],
            "id": "/subscriptions/77a036ca-421e-4694-be23-7589157c28de/resourceGroups/f5lab_rg/providers/Microsoft.Network/loadBalancers/f5lablb/backendAddressPools/BackendPool1",
            "load_balancing_rules": [
              "/subscriptions/77a036ca-421e-4694-be23-7589157c28de/resourceGroups/f5lab_rg/providers/Microsoft.Network/loadBalancers/f5lablb/loadBalancingRules/LBRule"
            ],
            "loadbalancer_id": "/subscriptions/77a036ca-421e-4694-be23-7589157c28de/resourceGroups/f5lab_rg/providers/Microsoft.Network/loadBalancers/f5lablb",
            "name": "BackendPool1",
            "resource_group_name": "f5lab_rg",
            "timeouts": null
          },
          "private": "eyJlMmJmYjczMC1lY2FhLTExZTYtOGY4OC0zNDM2M2JjN2M0YzAiOnsiY3JlYXRlIjoxODAwMDAwMDAwMDAwLCJkZWxldGUiOjE4MDAwMDAwMDAwMDAsInJlYWQiOjMwMDAwMDAwMDAwMCwidXBkYXRlIjoxODAwMDAwMDAwMDAwfX0=",
          "dependencies": [
            "azurerm_lb.lb",
            "azurerm_resource_group.main"
          ]
        }
      ]
    },
    {
      "mode": "managed",
      "type": "azurerm_lb_probe",
      "name": "lb_probe",
      "provider": "provider.azurerm",
      "instances": [
        {
          "schema_version": 0,
          "attributes": {
            "id": "/subscriptions/77a036ca-421e-4694-be23-7589157c28de/resourceGroups/f5lab_rg/providers/Microsoft.Network/loadBalancers/f5lablb/probes/tcpProbe",
            "interval_in_seconds": 5,
            "load_balancer_rules": [
              "/subscriptions/77a036ca-421e-4694-be23-7589157c28de/resourceGroups/f5lab_rg/providers/Microsoft.Network/loadBalancers/f5lablb/loadBalancingRules/LBRule"
            ],
            "loadbalancer_id": "/subscriptions/77a036ca-421e-4694-be23-7589157c28de/resourceGroups/f5lab_rg/providers/Microsoft.Network/loadBalancers/f5lablb",
            "name": "tcpProbe",
            "number_of_probes": 2,
            "port": 8443,
            "protocol": "Tcp",
            "request_path": "",
            "resource_group_name": "f5lab_rg",
            "timeouts": null
          },
          "private": "eyJlMmJmYjczMC1lY2FhLTExZTYtOGY4OC0zNDM2M2JjN2M0YzAiOnsiY3JlYXRlIjoxODAwMDAwMDAwMDAwLCJkZWxldGUiOjE4MDAwMDAwMDAwMDAsInJlYWQiOjMwMDAwMDAwMDAwMCwidXBkYXRlIjoxODAwMDAwMDAwMDAwfX0=",
          "dependencies": [
            "azurerm_lb.lb",
            "azurerm_resource_group.main"
          ]
        }
      ]
    },
    {
      "mode": "managed",
      "type": "azurerm_lb_rule",
      "name": "lb_rule",
      "provider": "provider.azurerm",
      "instances": [
        {
          "schema_version": 0,
          "attributes": {
            "backend_address_pool_id": "/subscriptions/77a036ca-421e-4694-be23-7589157c28de/resourceGroups/f5lab_rg/providers/Microsoft.Network/loadBalancers/f5lablb/backendAddressPools/BackendPool1",
            "backend_port": 8443,
            "disable_outbound_snat": false,
            "enable_floating_ip": false,
            "enable_tcp_reset": false,
            "frontend_ip_configuration_id": "/subscriptions/77a036ca-421e-4694-be23-7589157c28de/resourceGroups/f5lab_rg/providers/Microsoft.Network/loadBalancers/f5lablb/frontendIPConfigurations/LoadBalancerFrontEnd",
            "frontend_ip_configuration_name": "LoadBalancerFrontEnd",
            "frontend_port": 443,
            "id": "/subscriptions/77a036ca-421e-4694-be23-7589157c28de/resourceGroups/f5lab_rg/providers/Microsoft.Network/loadBalancers/f5lablb/loadBalancingRules/LBRule",
            "idle_timeout_in_minutes": 5,
            "load_distribution": "Default",
            "loadbalancer_id": "/subscriptions/77a036ca-421e-4694-be23-7589157c28de/resourceGroups/f5lab_rg/providers/Microsoft.Network/loadBalancers/f5lablb",
            "name": "LBRule",
            "probe_id": "/subscriptions/77a036ca-421e-4694-be23-7589157c28de/resourceGroups/f5lab_rg/providers/Microsoft.Network/loadBalancers/f5lablb/probes/tcpProbe",
            "protocol": "Tcp",
            "resource_group_name": "f5lab_rg",
            "timeouts": null
          },
          "private": "eyJlMmJmYjczMC1lY2FhLTExZTYtOGY4OC0zNDM2M2JjN2M0YzAiOnsiY3JlYXRlIjoxODAwMDAwMDAwMDAwLCJkZWxldGUiOjE4MDAwMDAwMDAwMDAsInJlYWQiOjMwMDAwMDAwMDAwMCwidXBkYXRlIjoxODAwMDAwMDAwMDAwfX0=",
          "dependencies": [
            "azurerm_lb.lb",
            "azurerm_lb_backend_address_pool.backend_pool",
            "azurerm_lb_probe.lb_probe",
            "azurerm_resource_group.main"
          ]
        }
      ]
    },
    {
      "mode": "managed",
      "type": "azurerm_network_interface",
      "name": "atower_nic",
      "provider": "provider.azurerm",
      "instances": [
        {
          "schema_version": 0,
          "attributes": {
            "applied_dns_servers": [],
            "dns_servers": [],
            "enable_accelerated_networking": false,
            "enable_ip_forwarding": false,
            "id": "/subscriptions/77a036ca-421e-4694-be23-7589157c28de/resourceGroups/f5lab_rg/providers/Microsoft.Network/networkInterfaces/f5lab-atower-nic",
            "internal_dns_name_label": "",
            "ip_configuration": [
              {
                "name": "primary",
                "primary": true,
                "private_ip_address": "10.216.8.18",
                "private_ip_address_allocation": "Static",
                "private_ip_address_version": "IPv4",
                "public_ip_address_id": "",
                "subnet_id": "/subscriptions/77a036ca-421e-4694-be23-7589157c28de/resourceGroups/Networking-DevTest-RG/providers/Microsoft.Network/virtualNetworks/Cybersecurity-Engineering-DevTest-vnet/subnets/Cyber-Eng-DevTest"
              }
            ],
            "location": "westus",
            "mac_address": "00-0D-3A-37-F5-96",
            "name": "f5lab-atower-nic",
            "private_ip_address": "10.216.8.18",
            "private_ip_addresses": [
              "10.216.8.18"
            ],
            "resource_group_name": "f5lab_rg",
            "tags": {
              "environment": "f5env-atower-nic"
            },
            "timeouts": null,
            "virtual_machine_id": ""
          },
          "private": "eyJlMmJmYjczMC1lY2FhLTExZTYtOGY4OC0zNDM2M2JjN2M0YzAiOnsiY3JlYXRlIjoxODAwMDAwMDAwMDAwLCJkZWxldGUiOjE4MDAwMDAwMDAwMDAsInJlYWQiOjMwMDAwMDAwMDAwMCwidXBkYXRlIjoxODAwMDAwMDAwMDAwfX0=",
          "dependencies": [
            "azurerm_resource_group.main"
          ]
        }
      ]
    },
    {
      "mode": "managed",
      "type": "azurerm_network_interface",
      "name": "awx_nic",
      "provider": "provider.azurerm",
      "instances": [
        {
          "schema_version": 0,
          "attributes": {
            "applied_dns_servers": [],
            "dns_servers": [],
            "enable_accelerated_networking": false,
            "enable_ip_forwarding": false,
            "id": "/subscriptions/77a036ca-421e-4694-be23-7589157c28de/resourceGroups/f5lab_rg/providers/Microsoft.Network/networkInterfaces/f5lab-awx-nic",
            "internal_dns_name_label": "",
            "ip_configuration": [
              {
                "name": "primary",
                "primary": true,
                "private_ip_address": "10.216.8.18",
                "private_ip_address_allocation": "Static",
                "private_ip_address_version": "IPv4",
                "public_ip_address_id": "",
                "subnet_id": "/subscriptions/77a036ca-421e-4694-be23-7589157c28de/resourceGroups/Networking-DevTest-RG/providers/Microsoft.Network/virtualNetworks/Cybersecurity-Engineering-DevTest-vnet/subnets/Cyber-Eng-DevTest"
              }
            ],
            "location": "westus",
            "mac_address": "00-0D-3A-32-6E-6D",
            "name": "f5lab-awx-nic",
            "private_ip_address": "10.216.8.18",
            "private_ip_addresses": [
              "10.216.8.18"
            ],
            "resource_group_name": "f5lab_rg",
            "tags": {
              "environment": "f5env-awx-nic"
            },
            "timeouts": null,
            "virtual_machine_id": "/subscriptions/77a036ca-421e-4694-be23-7589157c28de/resourceGroups/f5lab_rg/providers/Microsoft.Compute/virtualMachines/awx"
          },
          "private": "eyJlMmJmYjczMC1lY2FhLTExZTYtOGY4OC0zNDM2M2JjN2M0YzAiOnsiY3JlYXRlIjoxODAwMDAwMDAwMDAwLCJkZWxldGUiOjE4MDAwMDAwMDAwMDAsInJlYWQiOjMwMDAwMDAwMDAwMCwidXBkYXRlIjoxODAwMDAwMDAwMDAwfX0=",
          "dependencies": [
            "azurerm_resource_group.main"
          ]
        }
      ]
    },
    {
      "mode": "managed",
      "type": "azurerm_network_interface",
      "name": "backend01-ext-nic",
      "provider": "provider.azurerm",
      "instances": [
        {
          "schema_version": 0,
          "attributes": {
            "applied_dns_servers": [],
            "dns_servers": [],
            "enable_accelerated_networking": false,
            "enable_ip_forwarding": false,
            "id": "/subscriptions/77a036ca-421e-4694-be23-7589157c28de/resourceGroups/f5lab_rg/providers/Microsoft.Network/networkInterfaces/f5lab-backend01-ext-nic",
            "internal_dns_name_label": "",
            "ip_configuration": [
              {
                "name": "primary",
                "primary": true,
                "private_ip_address": "10.216.8.14",
                "private_ip_address_allocation": "Static",
                "private_ip_address_version": "IPv4",
                "public_ip_address_id": "",
                "subnet_id": "/subscriptions/77a036ca-421e-4694-be23-7589157c28de/resourceGroups/Networking-DevTest-RG/providers/Microsoft.Network/virtualNetworks/Cybersecurity-Engineering-DevTest-vnet/subnets/Cyber-Eng-DevTest"
              }
            ],
            "location": "westus",
            "mac_address": "00-0D-3A-34-DA-E1",
            "name": "f5lab-backend01-ext-nic",
            "private_ip_address": "10.216.8.14",
            "private_ip_addresses": [
              "10.216.8.14"
            ],
            "resource_group_name": "f5lab_rg",
            "tags": {
              "Name": "f5env-backend01-ext-int",
              "application": "app1",
              "costcenter": "f5costcenter",
              "environment": "f5env",
              "group": "f5group",
              "owner": "f5owner"
            },
            "timeouts": null,
            "virtual_machine_id": "/subscriptions/77a036ca-421e-4694-be23-7589157c28de/resourceGroups/f5lab_rg/providers/Microsoft.Compute/virtualMachines/backendvm"
          },
          "private": "eyJlMmJmYjczMC1lY2FhLTExZTYtOGY4OC0zNDM2M2JjN2M0YzAiOnsiY3JlYXRlIjoxODAwMDAwMDAwMDAwLCJkZWxldGUiOjE4MDAwMDAwMDAwMDAsInJlYWQiOjMwMDAwMDAwMDAwMCwidXBkYXRlIjoxODAwMDAwMDAwMDAwfX0=",
          "dependencies": [
            "azurerm_resource_group.main"
          ]
        }
      ]
    },
    {
      "mode": "managed",
      "type": "azurerm_network_interface",
      "name": "backend02-ext-nic",
      "provider": "provider.azurerm",
      "instances": [
        {
          "schema_version": 0,
          "attributes": {
            "applied_dns_servers": [],
            "dns_servers": [],
            "enable_accelerated_networking": false,
            "enable_ip_forwarding": false,
            "id": "/subscriptions/77a036ca-421e-4694-be23-7589157c28de/resourceGroups/f5lab_rg/providers/Microsoft.Network/networkInterfaces/f5lab-backend02-ext-nic",
            "internal_dns_name_label": "",
            "ip_configuration": [
              {
                "name": "primary",
                "primary": true,
                "private_ip_address": "10.216.8.15",
                "private_ip_address_allocation": "Static",
                "private_ip_address_version": "IPv4",
                "public_ip_address_id": "",
                "subnet_id": "/subscriptions/77a036ca-421e-4694-be23-7589157c28de/resourceGroups/Networking-DevTest-RG/providers/Microsoft.Network/virtualNetworks/Cybersecurity-Engineering-DevTest-vnet/subnets/Cyber-Eng-DevTest"
              }
            ],
            "location": "westus",
            "mac_address": "",
            "name": "f5lab-backend02-ext-nic",
            "private_ip_address": "10.216.8.15",
            "private_ip_addresses": [
              "10.216.8.15"
            ],
            "resource_group_name": "f5lab_rg",
            "tags": {
              "Name": "f5env-backend02-ext-int",
              "application": "app2",
              "costcenter": "f5costcenter",
              "environment": "f5env",
              "group": "f5group",
              "owner": "f5owner"
            },
            "timeouts": null,
            "virtual_machine_id": ""
          },
          "private": "eyJlMmJmYjczMC1lY2FhLTExZTYtOGY4OC0zNDM2M2JjN2M0YzAiOnsiY3JlYXRlIjoxODAwMDAwMDAwMDAwLCJkZWxldGUiOjE4MDAwMDAwMDAwMDAsInJlYWQiOjMwMDAwMDAwMDAwMCwidXBkYXRlIjoxODAwMDAwMDAwMDAwfX0=",
          "dependencies": [
            "azurerm_resource_group.main"
          ]
        }
      ]
    },
    {
      "mode": "managed",
      "type": "azurerm_network_interface",
      "name": "backendvm01-ext-nic",
      "provider": "provider.azurerm",
      "instances": [
        {
          "schema_version": 0,
          "attributes": {
            "applied_dns_servers": [],
            "dns_servers": [],
            "enable_accelerated_networking": false,
            "enable_ip_forwarding": false,
            "id": "/subscriptions/77a036ca-421e-4694-be23-7589157c28de/resourceGroups/f5lab_rg/providers/Microsoft.Network/networkInterfaces/f5lab-backendvm01-ext-nic",
            "internal_dns_name_label": "",
            "ip_configuration": [
              {
                "name": "primary",
                "primary": true,
                "private_ip_address": "10.216.8.19",
                "private_ip_address_allocation": "Static",
                "private_ip_address_version": "IPv4",
                "public_ip_address_id": "",
                "subnet_id": "/subscriptions/77a036ca-421e-4694-be23-7589157c28de/resourceGroups/Networking-DevTest-RG/providers/Microsoft.Network/virtualNetworks/Cybersecurity-Engineering-DevTest-vnet/subnets/Cyber-Eng-DevTest"
              }
            ],
            "location": "westus",
            "mac_address": "00-0D-3A-34-44-88",
            "name": "f5lab-backendvm01-ext-nic",
            "private_ip_address": "10.216.8.19",
            "private_ip_addresses": [
              "10.216.8.19"
            ],
            "resource_group_name": "f5lab_rg",
            "tags": {
              "Name": "f5env-backendvm01-ext-int",
              "application": "app1",
              "costcenter": "f5costcenter",
              "environment": "f5env",
              "group": "f5group",
              "owner": "f5owner"
            },
            "timeouts": null,
            "virtual_machine_id": "/subscriptions/77a036ca-421e-4694-be23-7589157c28de/resourceGroups/f5lab_rg/providers/Microsoft.Compute/virtualMachines/backendvm01"
          },
          "private": "eyJlMmJmYjczMC1lY2FhLTExZTYtOGY4OC0zNDM2M2JjN2M0YzAiOnsiY3JlYXRlIjoxODAwMDAwMDAwMDAwLCJkZWxldGUiOjE4MDAwMDAwMDAwMDAsInJlYWQiOjMwMDAwMDAwMDAwMCwidXBkYXRlIjoxODAwMDAwMDAwMDAwfX0=",
          "dependencies": [
            "azurerm_resource_group.main"
          ]
        }
      ]
    },
    {
      "mode": "managed",
      "type": "azurerm_network_interface",
      "name": "backendvm02_nic",
      "provider": "provider.azurerm",
      "instances": [
        {
          "schema_version": 0,
          "attributes": {
            "applied_dns_servers": [],
            "dns_servers": [],
            "enable_accelerated_networking": false,
            "enable_ip_forwarding": false,
            "id": "/subscriptions/77a036ca-421e-4694-be23-7589157c28de/resourceGroups/f5lab_rg/providers/Microsoft.Network/networkInterfaces/f5lab-backendvm02-nic",
            "internal_dns_name_label": "",
            "ip_configuration": [
              {
                "name": "primary",
                "primary": true,
                "private_ip_address": "10.216.8.17",
                "private_ip_address_allocation": "Static",
                "private_ip_address_version": "IPv4",
                "public_ip_address_id": "",
                "subnet_id": "/subscriptions/77a036ca-421e-4694-be23-7589157c28de/resourceGroups/Networking-DevTest-RG/providers/Microsoft.Network/virtualNetworks/Cybersecurity-Engineering-DevTest-vnet/subnets/Cyber-Eng-DevTest"
              }
            ],
            "location": "westus",
            "mac_address": "00-0D-3A-34-61-89",
            "name": "f5lab-backendvm02-nic",
            "private_ip_address": "10.216.8.17",
            "private_ip_addresses": [
              "10.216.8.17"
            ],
            "resource_group_name": "f5lab_rg",
            "tags": {
              "environment": "f5env-backendvm02-nic"
            },
            "timeouts": null,
            "virtual_machine_id": "/subscriptions/77a036ca-421e-4694-be23-7589157c28de/resourceGroups/f5lab_rg/providers/Microsoft.Compute/virtualMachines/backendvm02"
          },
          "private": "eyJlMmJmYjczMC1lY2FhLTExZTYtOGY4OC0zNDM2M2JjN2M0YzAiOnsiY3JlYXRlIjoxODAwMDAwMDAwMDAwLCJkZWxldGUiOjE4MDAwMDAwMDAwMDAsInJlYWQiOjMwMDAwMDAwMDAwMCwidXBkYXRlIjoxODAwMDAwMDAwMDAwfX0=",
          "dependencies": [
            "azurerm_resource_group.main"
          ]
        }
      ]
    },
    {
      "mode": "managed",
      "type": "azurerm_network_interface",
      "name": "jb_nic",
      "provider": "provider.azurerm",
      "instances": [
        {
          "schema_version": 0,
          "attributes": {
            "applied_dns_servers": [],
            "dns_servers": [],
            "enable_accelerated_networking": false,
            "enable_ip_forwarding": false,
            "id": "/subscriptions/77a036ca-421e-4694-be23-7589157c28de/resourceGroups/f5lab_rg/providers/Microsoft.Network/networkInterfaces/f5lab-jb01-nic",
            "internal_dns_name_label": "",
            "ip_configuration": [
              {
                "name": "primary",
                "primary": true,
                "private_ip_address": "10.216.8.16",
                "private_ip_address_allocation": "Static",
                "private_ip_address_version": "IPv4",
                "public_ip_address_id": "",
                "subnet_id": "/subscriptions/77a036ca-421e-4694-be23-7589157c28de/resourceGroups/Networking-DevTest-RG/providers/Microsoft.Network/virtualNetworks/Cybersecurity-Engineering-DevTest-vnet/subnets/Cyber-Eng-DevTest"
              }
            ],
            "location": "westus",
            "mac_address": "",
            "name": "f5lab-jb01-nic",
            "private_ip_address": "10.216.8.16",
            "private_ip_addresses": [
              "10.216.8.16"
            ],
            "resource_group_name": "f5lab_rg",
            "tags": {
              "environment": "f5env-jb01-nic"
            },
            "timeouts": null,
            "virtual_machine_id": ""
          },
          "private": "eyJlMmJmYjczMC1lY2FhLTExZTYtOGY4OC0zNDM2M2JjN2M0YzAiOnsiY3JlYXRlIjoxODAwMDAwMDAwMDAwLCJkZWxldGUiOjE4MDAwMDAwMDAwMDAsInJlYWQiOjMwMDAwMDAwMDAwMCwidXBkYXRlIjoxODAwMDAwMDAwMDAwfX0=",
          "dependencies": [
            "azurerm_resource_group.main"
          ]
        }
      ]
    },
    {
      "mode": "managed",
      "type": "azurerm_network_interface",
      "name": "nginxplus_nic",
      "provider": "provider.azurerm",
      "instances": [
        {
          "schema_version": 0,
          "attributes": {
            "applied_dns_servers": [],
            "dns_servers": [],
            "enable_accelerated_networking": false,
            "enable_ip_forwarding": false,
            "id": "/subscriptions/77a036ca-421e-4694-be23-7589157c28de/resourceGroups/f5lab_rg/providers/Microsoft.Network/networkInterfaces/f5lab-nginxplus-nic",
            "internal_dns_name_label": "",
            "ip_configuration": [
              {
                "name": "primary",
                "primary": true,
                "private_ip_address": "10.216.8.17",
                "private_ip_address_allocation": "Static",
                "private_ip_address_version": "IPv4",
                "public_ip_address_id": "",
                "subnet_id": "/subscriptions/77a036ca-421e-4694-be23-7589157c28de/resourceGroups/Networking-DevTest-RG/providers/Microsoft.Network/virtualNetworks/Cybersecurity-Engineering-DevTest-vnet/subnets/Cyber-Eng-DevTest"
              }
            ],
            "location": "westus",
            "mac_address": "",
            "name": "f5lab-nginxplus-nic",
            "private_ip_address": "10.216.8.17",
            "private_ip_addresses": [
              "10.216.8.17"
            ],
            "resource_group_name": "f5lab_rg",
            "tags": {
              "environment": "f5env-nginxplus-nic"
            },
            "timeouts": null,
            "virtual_machine_id": ""
          },
          "private": "eyJlMmJmYjczMC1lY2FhLTExZTYtOGY4OC0zNDM2M2JjN2M0YzAiOnsiY3JlYXRlIjoxODAwMDAwMDAwMDAwLCJkZWxldGUiOjE4MDAwMDAwMDAwMDAsInJlYWQiOjMwMDAwMDAwMDAwMCwidXBkYXRlIjoxODAwMDAwMDAwMDAwfX0=",
          "dependencies": [
            "azurerm_resource_group.main"
          ]
        }
      ]
    },
    {
      "mode": "managed",
      "type": "azurerm_network_interface",
      "name": "pgresql_nic",
      "provider": "provider.azurerm",
      "instances": [
        {
          "schema_version": 0,
          "attributes": {
            "applied_dns_servers": [],
            "dns_servers": [],
            "enable_accelerated_networking": false,
            "enable_ip_forwarding": false,
            "id": "/subscriptions/77a036ca-421e-4694-be23-7589157c28de/resourceGroups/f5lab_rg/providers/Microsoft.Network/networkInterfaces/f5lab-pgresql-nic",
            "internal_dns_name_label": "",
            "ip_configuration": [
              {
                "name": "primary",
                "primary": true,
                "private_ip_address": "10.216.8.17",
                "private_ip_address_allocation": "Static",
                "private_ip_address_version": "IPv4",
                "public_ip_address_id": "",
                "subnet_id": "/subscriptions/77a036ca-421e-4694-be23-7589157c28de/resourceGroups/Networking-DevTest-RG/providers/Microsoft.Network/virtualNetworks/Cybersecurity-Engineering-DevTest-vnet/subnets/Cyber-Eng-DevTest"
              }
            ],
            "location": "westus",
            "mac_address": "00-0D-3A-34-41-AF",
            "name": "f5lab-pgresql-nic",
            "private_ip_address": "10.216.8.17",
            "private_ip_addresses": [
              "10.216.8.17"
            ],
            "resource_group_name": "f5lab_rg",
            "tags": {
              "environment": "f5env-pgresql-nic"
            },
            "timeouts": null,
            "virtual_machine_id": "/subscriptions/77a036ca-421e-4694-be23-7589157c28de/resourceGroups/f5lab_rg/providers/Microsoft.Compute/virtualMachines/pgresql"
          },
          "private": "eyJlMmJmYjczMC1lY2FhLTExZTYtOGY4OC0zNDM2M2JjN2M0YzAiOnsiY3JlYXRlIjoxODAwMDAwMDAwMDAwLCJkZWxldGUiOjE4MDAwMDAwMDAwMDAsInJlYWQiOjMwMDAwMDAwMDAwMCwidXBkYXRlIjoxODAwMDAwMDAwMDAwfX0=",
          "dependencies": [
            "azurerm_resource_group.main"
          ]
        }
      ]
    },
    {
      "mode": "managed",
      "type": "azurerm_network_interface",
      "name": "vm01-mgmt-nic",
      "provider": "provider.azurerm",
      "instances": [
        {
          "schema_version": 0,
          "attributes": {
            "applied_dns_servers": [],
            "dns_servers": [],
            "enable_accelerated_networking": false,
            "enable_ip_forwarding": false,
            "id": "/subscriptions/77a036ca-421e-4694-be23-7589157c28de/resourceGroups/f5lab_rg/providers/Microsoft.Network/networkInterfaces/f5lab-vm01-mgmt-nic",
            "internal_dns_name_label": "",
            "ip_configuration": [
              {
                "name": "primary",
                "primary": true,
                "private_ip_address": "10.216.8.5",
                "private_ip_address_allocation": "Static",
                "private_ip_address_version": "IPv4",
                "public_ip_address_id": "",
                "subnet_id": "/subscriptions/77a036ca-421e-4694-be23-7589157c28de/resourceGroups/Networking-DevTest-RG/providers/Microsoft.Network/virtualNetworks/Cybersecurity-Engineering-DevTest-vnet/subnets/Cyber-Eng-DevTest"
              },
              {
                "name": "secondary",
                "primary": false,
                "private_ip_address": "10.216.8.6",
                "private_ip_address_allocation": "Static",
                "private_ip_address_version": "IPv4",
                "public_ip_address_id": "",
                "subnet_id": "/subscriptions/77a036ca-421e-4694-be23-7589157c28de/resourceGroups/Networking-DevTest-RG/providers/Microsoft.Network/virtualNetworks/Cybersecurity-Engineering-DevTest-vnet/subnets/Cyber-Eng-DevTest"
              }
            ],
            "location": "westus",
            "mac_address": "00-0D-3A-31-66-43",
            "name": "f5lab-vm01-mgmt-nic",
            "private_ip_address": "10.216.8.5",
            "private_ip_addresses": [
              "10.216.8.5",
              "10.216.8.6"
            ],
            "resource_group_name": "f5lab_rg",
            "tags": {
              "Name": "f5env-vm01-mgmt-int",
              "application": "f5app",
              "costcenter": "f5costcenter",
              "environment": "f5env",
              "group": "f5group",
              "owner": "f5owner"
            },
            "timeouts": null,
            "virtual_machine_id": "/subscriptions/77a036ca-421e-4694-be23-7589157c28de/resourceGroups/f5lab_rg/providers/Microsoft.Compute/virtualMachines/f5lab-f5vm01"
          },
          "private": "eyJlMmJmYjczMC1lY2FhLTExZTYtOGY4OC0zNDM2M2JjN2M0YzAiOnsiY3JlYXRlIjoxODAwMDAwMDAwMDAwLCJkZWxldGUiOjE4MDAwMDAwMDAwMDAsInJlYWQiOjMwMDAwMDAwMDAwMCwidXBkYXRlIjoxODAwMDAwMDAwMDAwfX0=",
          "dependencies": [
            "azurerm_resource_group.main"
          ]
        }
      ]
    },
    {
      "mode": "managed",
      "type": "azurerm_network_interface",
      "name": "vm02-mgmt-nic",
      "provider": "provider.azurerm",
      "instances": [
        {
          "schema_version": 0,
          "attributes": {
            "applied_dns_servers": [],
            "dns_servers": [],
            "enable_accelerated_networking": false,
            "enable_ip_forwarding": false,
            "id": "/subscriptions/77a036ca-421e-4694-be23-7589157c28de/resourceGroups/f5lab_rg/providers/Microsoft.Network/networkInterfaces/f5lab-vm02-mgmt-nic",
            "internal_dns_name_label": "",
            "ip_configuration": [
              {
                "name": "primary",
                "primary": true,
                "private_ip_address": "10.216.8.10",
                "private_ip_address_allocation": "Static",
                "private_ip_address_version": "IPv4",
                "public_ip_address_id": "",
                "subnet_id": "/subscriptions/77a036ca-421e-4694-be23-7589157c28de/resourceGroups/Networking-DevTest-RG/providers/Microsoft.Network/virtualNetworks/Cybersecurity-Engineering-DevTest-vnet/subnets/Cyber-Eng-DevTest"
              },
              {
                "name": "secondary",
                "primary": false,
                "private_ip_address": "10.216.8.11",
                "private_ip_address_allocation": "Static",
                "private_ip_address_version": "IPv4",
                "public_ip_address_id": "",
                "subnet_id": "/subscriptions/77a036ca-421e-4694-be23-7589157c28de/resourceGroups/Networking-DevTest-RG/providers/Microsoft.Network/virtualNetworks/Cybersecurity-Engineering-DevTest-vnet/subnets/Cyber-Eng-DevTest"
              }
            ],
            "location": "westus",
            "mac_address": "00-0D-3A-31-55-E3",
            "name": "f5lab-vm02-mgmt-nic",
            "private_ip_address": "10.216.8.10",
            "private_ip_addresses": [
              "10.216.8.10",
              "10.216.8.11"
            ],
            "resource_group_name": "f5lab_rg",
            "tags": {
              "Name": "f5env-vm02-mgmt-int",
              "application": "f5app",
              "costcenter": "f5costcenter",
              "environment": "f5env",
              "group": "f5group",
              "owner": "f5owner"
            },
            "timeouts": null,
            "virtual_machine_id": "/subscriptions/77a036ca-421e-4694-be23-7589157c28de/resourceGroups/f5lab_rg/providers/Microsoft.Compute/virtualMachines/f5lab-f5vm02"
          },
          "private": "eyJlMmJmYjczMC1lY2FhLTExZTYtOGY4OC0zNDM2M2JjN2M0YzAiOnsiY3JlYXRlIjoxODAwMDAwMDAwMDAwLCJkZWxldGUiOjE4MDAwMDAwMDAwMDAsInJlYWQiOjMwMDAwMDAwMDAwMCwidXBkYXRlIjoxODAwMDAwMDAwMDAwfX0=",
          "dependencies": [
            "azurerm_resource_group.main"
          ]
        }
      ]
    },
    {
      "mode": "managed",
      "type": "azurerm_network_interface_backend_address_pool_association",
      "name": "bpool_assc_vm01",
      "provider": "provider.azurerm",
      "instances": [
        {
          "schema_version": 0,
          "attributes": {
            "backend_address_pool_id": "/subscriptions/77a036ca-421e-4694-be23-7589157c28de/resourceGroups/f5lab_rg/providers/Microsoft.Network/loadBalancers/f5lablb/backendAddressPools/BackendPool1",
            "id": "/subscriptions/77a036ca-421e-4694-be23-7589157c28de/resourceGroups/f5lab_rg/providers/Microsoft.Network/networkInterfaces/f5lab-vm01-mgmt-nic/ipConfigurations/secondary|/subscriptions/77a036ca-421e-4694-be23-7589157c28de/resourceGroups/f5lab_rg/providers/Microsoft.Network/loadBalancers/f5lablb/backendAddressPools/BackendPool1",
            "ip_configuration_name": "secondary",
            "network_interface_id": "/subscriptions/77a036ca-421e-4694-be23-7589157c28de/resourceGroups/f5lab_rg/providers/Microsoft.Network/networkInterfaces/f5lab-vm01-mgmt-nic",
            "timeouts": null
          },
          "private": "eyJlMmJmYjczMC1lY2FhLTExZTYtOGY4OC0zNDM2M2JjN2M0YzAiOnsiY3JlYXRlIjoxODAwMDAwMDAwMDAwLCJkZWxldGUiOjE4MDAwMDAwMDAwMDAsInJlYWQiOjMwMDAwMDAwMDAwMCwidXBkYXRlIjoxODAwMDAwMDAwMDAwfX0=",
          "dependencies": [
            "azurerm_lb_backend_address_pool.backend_pool",
            "azurerm_network_interface.vm01-mgmt-nic",
            "azurerm_resource_group.main"
          ]
        }
      ]
    },
    {
      "mode": "managed",
      "type": "azurerm_network_interface_backend_address_pool_association",
      "name": "bpool_assc_vm02",
      "provider": "provider.azurerm",
      "instances": [
        {
          "schema_version": 0,
          "attributes": {
            "backend_address_pool_id": "/subscriptions/77a036ca-421e-4694-be23-7589157c28de/resourceGroups/f5lab_rg/providers/Microsoft.Network/loadBalancers/f5lablb/backendAddressPools/BackendPool1",
            "id": "/subscriptions/77a036ca-421e-4694-be23-7589157c28de/resourceGroups/f5lab_rg/providers/Microsoft.Network/networkInterfaces/f5lab-vm02-mgmt-nic/ipConfigurations/secondary|/subscriptions/77a036ca-421e-4694-be23-7589157c28de/resourceGroups/f5lab_rg/providers/Microsoft.Network/loadBalancers/f5lablb/backendAddressPools/BackendPool1",
            "ip_configuration_name": "secondary",
            "network_interface_id": "/subscriptions/77a036ca-421e-4694-be23-7589157c28de/resourceGroups/f5lab_rg/providers/Microsoft.Network/networkInterfaces/f5lab-vm02-mgmt-nic",
            "timeouts": null
          },
          "private": "eyJlMmJmYjczMC1lY2FhLTExZTYtOGY4OC0zNDM2M2JjN2M0YzAiOnsiY3JlYXRlIjoxODAwMDAwMDAwMDAwLCJkZWxldGUiOjE4MDAwMDAwMDAwMDAsInJlYWQiOjMwMDAwMDAwMDAwMCwidXBkYXRlIjoxODAwMDAwMDAwMDAwfX0=",
          "dependencies": [
            "azurerm_lb_backend_address_pool.backend_pool",
            "azurerm_network_interface.vm01-mgmt-nic",
            "azurerm_network_interface.vm02-mgmt-nic",
            "azurerm_network_interface_backend_address_pool_association.bpool_assc_vm01",
            "azurerm_resource_group.main"
          ]
        }
      ]
    },
    {
      "mode": "managed",
      "type": "azurerm_resource_group",
      "name": "main",
      "provider": "provider.azurerm",
      "instances": [
        {
          "schema_version": 0,
          "attributes": {
            "id": "/subscriptions/77a036ca-421e-4694-be23-7589157c28de/resourceGroups/f5lab_rg",
            "location": "westus",
            "name": "f5lab_rg",
            "tags": {},
            "timeouts": null
          },
          "private": "eyJlMmJmYjczMC1lY2FhLTExZTYtOGY4OC0zNDM2M2JjN2M0YzAiOnsiY3JlYXRlIjo1NDAwMDAwMDAwMDAwLCJkZWxldGUiOjU0MDAwMDAwMDAwMDAsInJlYWQiOjMwMDAwMDAwMDAwMCwidXBkYXRlIjo1NDAwMDAwMDAwMDAwfX0="
        }
      ]
    },
    {
      "mode": "managed",
      "type": "azurerm_virtual_machine",
      "name": "atower",
      "provider": "provider.azurerm",
      "instances": [
        {
          "schema_version": 0,
          "attributes": {
            "additional_capabilities": [],
            "availability_set_id": null,
            "boot_diagnostics": [],
            "delete_data_disks_on_termination": true,
            "delete_os_disk_on_termination": true,
            "id": "/subscriptions/77a036ca-421e-4694-be23-7589157c28de/resourceGroups/f5lab_rg/providers/Microsoft.Compute/virtualMachines/atower",
            "identity": [],
            "license_type": null,
            "location": "westus",
            "name": "atower",
            "network_interface_ids": [
              "/subscriptions/77a036ca-421e-4694-be23-7589157c28de/resourceGroups/f5lab_rg/providers/Microsoft.Network/networkInterfaces/f5lab-atower-nic"
            ],
            "os_profile": [
              {
                "admin_password": "",
                "admin_username": "azureuser",
                "computer_name": "atower",
                "custom_data": ""
              }
            ],
            "os_profile_linux_config": [
              {
                "disable_password_authentication": false,
                "ssh_keys": []
              }
            ],
            "os_profile_secrets": [],
            "os_profile_windows_config": [],
            "plan": [],
            "primary_network_interface_id": null,
            "proximity_placement_group_id": null,
            "resource_group_name": "f5lab_rg",
            "storage_data_disk": [],
            "storage_image_reference": [
              {
                "id": "",
                "offer": "RHEL",
                "publisher": "RedHat",
                "sku": "7.8",
                "version": "latest"
              }
            ],
            "storage_os_disk": [
              {
                "caching": "ReadWrite",
                "create_option": "FromImage",
                "disk_size_gb": 64,
                "image_uri": "",
                "managed_disk_id": "/subscriptions/77a036ca-421e-4694-be23-7589157c28de/resourceGroups/F5LAB_RG/providers/Microsoft.Compute/disks/atower",
                "managed_disk_type": "Premium_LRS",
                "name": "atower",
                "os_type": "Linux",
                "vhd_uri": "",
                "write_accelerator_enabled": false
              }
            ],
            "tags": {
              "environment": "f5env-atower"
            },
            "timeouts": null,
            "vm_size": "Standard_D2s_v3",
            "zones": null
          },
          "private": "eyJlMmJmYjczMC1lY2FhLTExZTYtOGY4OC0zNDM2M2JjN2M0YzAiOnsiY3JlYXRlIjozNjAwMDAwMDAwMDAwLCJkZWxldGUiOjM2MDAwMDAwMDAwMDAsInJlYWQiOjMwMDAwMDAwMDAwMCwidXBkYXRlIjozNjAwMDAwMDAwMDAwfX0=",
          "dependencies": [
            "azurerm_network_interface.atower_nic",
            "azurerm_resource_group.main"
          ]
        }
      ]
    },
    {
      "mode": "managed",
      "type": "azurerm_virtual_machine",
      "name": "backendvm",
      "provider": "provider.azurerm",
      "instances": [
        {
          "schema_version": 0,
          "attributes": {
            "additional_capabilities": [],
            "availability_set_id": null,
            "boot_diagnostics": [],
            "delete_data_disks_on_termination": false,
            "delete_os_disk_on_termination": false,
            "id": "/subscriptions/77a036ca-421e-4694-be23-7589157c28de/resourceGroups/f5lab_rg/providers/Microsoft.Compute/virtualMachines/backendvm",
            "identity": [],
            "license_type": null,
            "location": "westus",
            "name": "backendvm",
            "network_interface_ids": [
              "/subscriptions/77a036ca-421e-4694-be23-7589157c28de/resourceGroups/f5lab_rg/providers/Microsoft.Network/networkInterfaces/f5lab-backend01-ext-nic"
            ],
            "os_profile": [
              {
                "admin_password": "",
                "admin_username": "azureuser",
                "computer_name": "backend01",
                "custom_data": ""
              }
            ],
            "os_profile_linux_config": [
              {
                "disable_password_authentication": false,
                "ssh_keys": []
              }
            ],
            "os_profile_secrets": [],
            "os_profile_windows_config": [],
            "plan": [
              {
                "name": "nginx-plus-ub1804",
                "product": "nginx-plus-v1",
                "publisher": "nginxinc"
              }
            ],
            "primary_network_interface_id": null,
            "proximity_placement_group_id": null,
            "resource_group_name": "f5lab_rg",
            "storage_data_disk": [],
            "storage_image_reference": [
              {
                "id": "",
                "offer": "nginx-plus-v1",
                "publisher": "nginxinc",
                "sku": "nginx-plus-ub1804",
                "version": "latest"
              }
            ],
            "storage_os_disk": [
              {
                "caching": "ReadWrite",
                "create_option": "FromImage",
                "disk_size_gb": 30,
                "image_uri": "",
                "managed_disk_id": "/subscriptions/77a036ca-421e-4694-be23-7589157c28de/resourceGroups/F5LAB_RG/providers/Microsoft.Compute/disks/backendOsDisk",
                "managed_disk_type": "Premium_LRS",
                "name": "backendOsDisk",
                "os_type": "Linux",
                "vhd_uri": "",
                "write_accelerator_enabled": false
              }
            ],
            "tags": {
              "Name": "f5env-backend01",
              "application": "f5app",
              "costcenter": "f5costcenter",
              "environment": "f5env",
              "group": "f5group",
              "owner": "f5owner"
            },
            "timeouts": null,
            "vm_size": "Standard_DS2_v2",
            "zones": []
          },
          "private": "eyJlMmJmYjczMC1lY2FhLTExZTYtOGY4OC0zNDM2M2JjN2M0YzAiOnsiY3JlYXRlIjozNjAwMDAwMDAwMDAwLCJkZWxldGUiOjM2MDAwMDAwMDAwMDAsInJlYWQiOjMwMDAwMDAwMDAwMCwidXBkYXRlIjozNjAwMDAwMDAwMDAwfX0=",
          "dependencies": [
            "azurerm_network_interface.backend01-ext-nic",
            "azurerm_resource_group.main"
          ]
        }
      ]
    },
    {
      "mode": "managed",
      "type": "azurerm_virtual_machine",
      "name": "backendvm01",
      "provider": "provider.azurerm",
      "instances": [
        {
          "schema_version": 0,
          "attributes": {
            "additional_capabilities": [],
            "availability_set_id": null,
            "boot_diagnostics": [],
            "delete_data_disks_on_termination": false,
            "delete_os_disk_on_termination": false,
            "id": "/subscriptions/77a036ca-421e-4694-be23-7589157c28de/resourceGroups/f5lab_rg/providers/Microsoft.Compute/virtualMachines/backendvm01",
            "identity": [],
            "license_type": null,
            "location": "westus",
            "name": "backendvm01",
            "network_interface_ids": [
              "/subscriptions/77a036ca-421e-4694-be23-7589157c28de/resourceGroups/f5lab_rg/providers/Microsoft.Network/networkInterfaces/f5lab-backendvm01-ext-nic"
            ],
            "os_profile": [
              {
                "admin_password": "",
                "admin_username": "azureuser",
                "computer_name": "backendvm01",
                "custom_data": ""
              }
            ],
            "os_profile_linux_config": [
              {
                "disable_password_authentication": false,
                "ssh_keys": []
              }
            ],
            "os_profile_secrets": [],
            "os_profile_windows_config": [],
            "plan": [
              {
                "name": "nginx-plus-centos7",
                "product": "nginx-plus-v1",
                "publisher": "nginxinc"
              }
            ],
            "primary_network_interface_id": null,
            "proximity_placement_group_id": null,
            "resource_group_name": "f5lab_rg",
            "storage_data_disk": [],
            "storage_image_reference": [
              {
                "id": "",
                "offer": "nginx-plus-v1",
                "publisher": "nginxinc",
                "sku": "nginx-plus-centos7",
                "version": "latest"
              }
            ],
            "storage_os_disk": [
              {
                "caching": "ReadWrite",
                "create_option": "FromImage",
                "disk_size_gb": 30,
                "image_uri": "",
                "managed_disk_id": "/subscriptions/77a036ca-421e-4694-be23-7589157c28de/resourceGroups/F5LAB_RG/providers/Microsoft.Compute/disks/backendvm01OsDisk",
                "managed_disk_type": "Premium_LRS",
                "name": "backendvm01OsDisk",
                "os_type": "Linux",
                "vhd_uri": "",
                "write_accelerator_enabled": false
              }
            ],
            "tags": {
              "Name": "f5env-backendvm01",
              "application": "f5app",
              "costcenter": "f5costcenter",
              "environment": "f5env",
              "group": "f5group",
              "owner": "f5owner"
            },
            "timeouts": null,
            "vm_size": "Standard_DS2_v2",
            "zones": []
          },
          "private": "eyJlMmJmYjczMC1lY2FhLTExZTYtOGY4OC0zNDM2M2JjN2M0YzAiOnsiY3JlYXRlIjozNjAwMDAwMDAwMDAwLCJkZWxldGUiOjM2MDAwMDAwMDAwMDAsInJlYWQiOjMwMDAwMDAwMDAwMCwidXBkYXRlIjozNjAwMDAwMDAwMDAwfX0=",
          "dependencies": [
            "azurerm_network_interface.backendvm01-ext-nic",
            "azurerm_resource_group.main"
          ]
        }
      ]
    },
    {
      "mode": "managed",
      "type": "azurerm_virtual_machine",
      "name": "f5vm01",
      "provider": "provider.azurerm",
      "instances": [
        {
          "schema_version": 0,
          "attributes": {
            "additional_capabilities": [],
            "availability_set_id": "/subscriptions/77a036ca-421e-4694-be23-7589157c28de/resourcegroups/f5lab_rg/providers/microsoft.compute/availabilitysets/f5labavset",
            "boot_diagnostics": [],
            "delete_data_disks_on_termination": true,
            "delete_os_disk_on_termination": true,
            "id": "/subscriptions/77a036ca-421e-4694-be23-7589157c28de/resourceGroups/f5lab_rg/providers/Microsoft.Compute/virtualMachines/f5lab-f5vm01",
            "identity": [],
            "license_type": null,
            "location": "westus",
            "name": "f5lab-f5vm01",
            "network_interface_ids": [
              "/subscriptions/77a036ca-421e-4694-be23-7589157c28de/resourceGroups/f5lab_rg/providers/Microsoft.Network/networkInterfaces/f5lab-vm01-mgmt-nic"
            ],
            "os_profile": [
              {
                "admin_password": "",
                "admin_username": "azureuser",
                "computer_name": "f5labvm01",
                "custom_data": ""
              }
            ],
            "os_profile_linux_config": [
              {
                "disable_password_authentication": false,
                "ssh_keys": []
              }
            ],
            "os_profile_secrets": [],
            "os_profile_windows_config": [],
            "plan": [
              {
                "name": "f5-bigip-virtual-edition-25m-best-hourly",
                "product": "f5-big-ip-best",
                "publisher": "f5-networks"
              }
            ],
            "primary_network_interface_id": "/subscriptions/77a036ca-421e-4694-be23-7589157c28de/resourceGroups/f5lab_rg/providers/Microsoft.Network/networkInterfaces/f5lab-vm01-mgmt-nic",
            "proximity_placement_group_id": null,
            "resource_group_name": "f5lab_rg",
            "storage_data_disk": [],
            "storage_image_reference": [
              {
                "id": "",
                "offer": "f5-big-ip-best",
                "publisher": "f5-networks",
                "sku": "f5-bigip-virtual-edition-25m-best-hourly",
                "version": "latest"
              }
            ],
            "storage_os_disk": [
              {
                "caching": "ReadWrite",
                "create_option": "FromImage",
                "disk_size_gb": 78,
                "image_uri": "",
                "managed_disk_id": "/subscriptions/77a036ca-421e-4694-be23-7589157c28de/resourceGroups/F5LAB_RG/providers/Microsoft.Compute/disks/f5labvm01-osdisk",
                "managed_disk_type": "Standard_LRS",
                "name": "f5labvm01-osdisk",
                "os_type": "Linux",
                "vhd_uri": "",
                "write_accelerator_enabled": false
              }
            ],
            "tags": {
              "Name": "f5env-f5vm01",
              "application": "f5app",
              "costcenter": "f5costcenter",
              "environment": "f5env",
              "group": "f5group",
              "owner": "f5owner"
            },
            "timeouts": null,
            "vm_size": "Standard_DS2_v2",
            "zones": []
          },
          "private": "eyJlMmJmYjczMC1lY2FhLTExZTYtOGY4OC0zNDM2M2JjN2M0YzAiOnsiY3JlYXRlIjozNjAwMDAwMDAwMDAwLCJkZWxldGUiOjM2MDAwMDAwMDAwMDAsInJlYWQiOjMwMDAwMDAwMDAwMCwidXBkYXRlIjozNjAwMDAwMDAwMDAwfX0=",
          "dependencies": [
            "azurerm_availability_set.avset",
            "azurerm_network_interface.vm01-mgmt-nic",
            "azurerm_resource_group.main"
          ]
        }
      ]
    },
    {
      "mode": "managed",
      "type": "azurerm_virtual_machine",
      "name": "f5vm02",
      "provider": "provider.azurerm",
      "instances": [
        {
          "schema_version": 0,
          "attributes": {
            "additional_capabilities": [],
            "availability_set_id": "/subscriptions/77a036ca-421e-4694-be23-7589157c28de/resourcegroups/f5lab_rg/providers/microsoft.compute/availabilitysets/f5labavset",
            "boot_diagnostics": [],
            "delete_data_disks_on_termination": true,
            "delete_os_disk_on_termination": true,
            "id": "/subscriptions/77a036ca-421e-4694-be23-7589157c28de/resourceGroups/f5lab_rg/providers/Microsoft.Compute/virtualMachines/f5lab-f5vm02",
            "identity": [],
            "license_type": null,
            "location": "westus",
            "name": "f5lab-f5vm02",
            "network_interface_ids": [
              "/subscriptions/77a036ca-421e-4694-be23-7589157c28de/resourceGroups/f5lab_rg/providers/Microsoft.Network/networkInterfaces/f5lab-vm02-mgmt-nic"
            ],
            "os_profile": [
              {
                "admin_password": "",
                "admin_username": "azureuser",
                "computer_name": "f5labvm02",
                "custom_data": ""
              }
            ],
            "os_profile_linux_config": [
              {
                "disable_password_authentication": false,
                "ssh_keys": []
              }
            ],
            "os_profile_secrets": [],
            "os_profile_windows_config": [],
            "plan": [
              {
                "name": "f5-bigip-virtual-edition-25m-best-hourly",
                "product": "f5-big-ip-best",
                "publisher": "f5-networks"
              }
            ],
            "primary_network_interface_id": "/subscriptions/77a036ca-421e-4694-be23-7589157c28de/resourceGroups/f5lab_rg/providers/Microsoft.Network/networkInterfaces/f5lab-vm02-mgmt-nic",
            "proximity_placement_group_id": null,
            "resource_group_name": "f5lab_rg",
            "storage_data_disk": [],
            "storage_image_reference": [
              {
                "id": "",
                "offer": "f5-big-ip-best",
                "publisher": "f5-networks",
                "sku": "f5-bigip-virtual-edition-25m-best-hourly",
                "version": "latest"
              }
            ],
            "storage_os_disk": [
              {
                "caching": "ReadWrite",
                "create_option": "FromImage",
                "disk_size_gb": 78,
                "image_uri": "",
                "managed_disk_id": "/subscriptions/77a036ca-421e-4694-be23-7589157c28de/resourceGroups/F5LAB_RG/providers/Microsoft.Compute/disks/f5labvm02-osdisk",
                "managed_disk_type": "Standard_LRS",
                "name": "f5labvm02-osdisk",
                "os_type": "Linux",
                "vhd_uri": "",
                "write_accelerator_enabled": false
              }
            ],
            "tags": {
              "Name": "f5env-f5vm02",
              "application": "f5app",
              "costcenter": "f5costcenter",
              "environment": "f5env",
              "group": "f5group",
              "owner": "f5owner"
            },
            "timeouts": null,
            "vm_size": "Standard_DS2_v2",
            "zones": []
          },
          "private": "eyJlMmJmYjczMC1lY2FhLTExZTYtOGY4OC0zNDM2M2JjN2M0YzAiOnsiY3JlYXRlIjozNjAwMDAwMDAwMDAwLCJkZWxldGUiOjM2MDAwMDAwMDAwMDAsInJlYWQiOjMwMDAwMDAwMDAwMCwidXBkYXRlIjozNjAwMDAwMDAwMDAwfX0=",
          "dependencies": [
            "azurerm_availability_set.avset",
            "azurerm_network_interface.vm02-mgmt-nic",
            "azurerm_resource_group.main"
          ]
        }
      ]
    },
    {
      "mode": "managed",
      "type": "azurerm_virtual_machine",
      "name": "jumpbox",
      "provider": "provider.azurerm",
      "instances": [
        {
          "schema_version": 0,
          "attributes": {
            "additional_capabilities": [],
            "availability_set_id": null,
            "boot_diagnostics": [],
            "delete_data_disks_on_termination": true,
            "delete_os_disk_on_termination": true,
            "id": "/subscriptions/77a036ca-421e-4694-be23-7589157c28de/resourceGroups/f5lab_rg/providers/Microsoft.Compute/virtualMachines/jb01",
            "identity": [],
            "license_type": null,
            "location": "westus",
            "name": "jb01",
            "network_interface_ids": [
              "/subscriptions/77a036ca-421e-4694-be23-7589157c28de/resourceGroups/f5lab_rg/providers/Microsoft.Network/networkInterfaces/f5lab-jb01-nic"
            ],
            "os_profile": [
              {
                "admin_password": "",
                "admin_username": "azureuser",
                "computer_name": "jb01",
                "custom_data": ""
              }
            ],
            "os_profile_linux_config": [
              {
                "disable_password_authentication": true,
                "ssh_keys": [
                  {
                    "key_data": "---- BEGIN SSH2 PUBLIC KEY ----\r\nComment: \"rsa-key-20200501\"\r\nAAAAB3NzaC1yc2EAAAABJQAAAQEAqDDAr5L73WAM1ISeQr6LG+vXyCGgliDCncP2\r\nC96WxKwiSOy031ARxnavM+/C6v6LLpBQ21dUphqqQAN3kFN4+JQsjUkz/XOtL4iC\r\nsiLQic0zJA34Y3V5RzDcTli+DSAfbCSmeiv5yt3EdZw23lBuuELFGV4JXOt6defE\r\nWrPwcgWZMHun/Kolw3XVVTB2HqU6LOz9NY26T1HzWxkJ77IwBkaD0Fud6f2P9JZ6\r\n+nXxaQpwpSC+fQfEWYWCyypiOZndy+/NyGMzOiCW3wul1633A6vVrCvPDUHbcV49\r\n2BXYg+kGvKaWDBA5YZdWvlr+Wr0hMcFemcwLC9YA+wa5aO4apw==\r\n---- END SSH2 PUBLIC KEY ----\r\n",
                    "path": "/home/azureuser/.ssh/authorized_keys"
                  }
                ]
              }
            ],
            "os_profile_secrets": [],
            "os_profile_windows_config": [],
            "plan": [],
            "primary_network_interface_id": null,
            "proximity_placement_group_id": null,
            "resource_group_name": "f5lab_rg",
            "storage_data_disk": [],
            "storage_image_reference": [
              {
                "id": "",
                "offer": "UbuntuServer",
                "publisher": "Canonical",
                "sku": "18.04-LTS",
                "version": "latest"
              }
            ],
            "storage_os_disk": [
              {
                "caching": "ReadWrite",
                "create_option": "FromImage",
                "disk_size_gb": 30,
                "image_uri": "",
                "managed_disk_id": "/subscriptions/77a036ca-421e-4694-be23-7589157c28de/resourceGroups/F5LAB_RG/providers/Microsoft.Compute/disks/jbosdisk",
                "managed_disk_type": "Premium_LRS",
                "name": "jbosdisk",
                "os_type": "Linux",
                "vhd_uri": "",
                "write_accelerator_enabled": false
              }
            ],
            "tags": {
              "environment": "f5env-jb01vm"
            },
            "timeouts": null,
            "vm_size": "Standard_DS1_v2",
            "zones": null
          },
          "private": "eyJlMmJmYjczMC1lY2FhLTExZTYtOGY4OC0zNDM2M2JjN2M0YzAiOnsiY3JlYXRlIjozNjAwMDAwMDAwMDAwLCJkZWxldGUiOjM2MDAwMDAwMDAwMDAsInJlYWQiOjMwMDAwMDAwMDAwMCwidXBkYXRlIjozNjAwMDAwMDAwMDAwfX0=",
          "dependencies": [
            "azurerm_network_interface.jb_nic",
            "azurerm_resource_group.main"
          ]
        }
      ]
    },
    {
      "mode": "managed",
      "type": "azurerm_virtual_machine",
      "name": "nginxplus",
      "provider": "provider.azurerm",
      "instances": [
        {
          "schema_version": 0,
          "attributes": {
            "additional_capabilities": [],
            "availability_set_id": null,
            "boot_diagnostics": [],
            "delete_data_disks_on_termination": true,
            "delete_os_disk_on_termination": true,
            "id": "/subscriptions/77a036ca-421e-4694-be23-7589157c28de/resourceGroups/f5lab_rg/providers/Microsoft.Compute/virtualMachines/nginxplus",
            "identity": [],
            "license_type": null,
            "location": "westus",
            "name": "nginxplus",
            "network_interface_ids": [
              "/subscriptions/77a036ca-421e-4694-be23-7589157c28de/resourceGroups/f5lab_rg/providers/Microsoft.Network/networkInterfaces/f5lab-nginxplus-nic"
            ],
            "os_profile": [
              {
                "admin_password": "",
                "admin_username": "azureuser",
                "computer_name": "nginxplus",
                "custom_data": ""
              }
            ],
            "os_profile_linux_config": [
              {
                "disable_password_authentication": false,
                "ssh_keys": []
              }
            ],
            "os_profile_secrets": [],
            "os_profile_windows_config": [],
            "plan": [
              {
                "name": "nginx-plus-centos7",
                "product": "nginx-plus-v1",
                "publisher": "nginxinc"
              }
            ],
            "primary_network_interface_id": null,
            "proximity_placement_group_id": null,
            "resource_group_name": "f5lab_rg",
            "storage_data_disk": [],
            "storage_image_reference": [
              {
                "id": "",
                "offer": "nginx-plus-v1",
                "publisher": "nginxinc",
                "sku": "nginx-plus-centos7",
                "version": "latest"
              }
            ],
            "storage_os_disk": [
              {
                "caching": "ReadWrite",
                "create_option": "FromImage",
                "disk_size_gb": 30,
                "image_uri": "",
                "managed_disk_id": "/subscriptions/77a036ca-421e-4694-be23-7589157c28de/resourceGroups/F5LAB_RG/providers/Microsoft.Compute/disks/nginxplus",
                "managed_disk_type": "Premium_LRS",
                "name": "nginxplus",
                "os_type": "Linux",
                "vhd_uri": "",
                "write_accelerator_enabled": false
              }
            ],
            "tags": {
              "environment": "f5env-nginxplus"
            },
            "timeouts": null,
            "vm_size": "Standard_DS2_v2",
            "zones": null
          },
          "private": "eyJlMmJmYjczMC1lY2FhLTExZTYtOGY4OC0zNDM2M2JjN2M0YzAiOnsiY3JlYXRlIjozNjAwMDAwMDAwMDAwLCJkZWxldGUiOjM2MDAwMDAwMDAwMDAsInJlYWQiOjMwMDAwMDAwMDAwMCwidXBkYXRlIjozNjAwMDAwMDAwMDAwfX0=",
          "dependencies": [
            "azurerm_network_interface.nginxplus_nic",
            "azurerm_resource_group.main"
          ]
        }
      ]
    },
    {
      "mode": "managed",
      "type": "azurerm_virtual_machine_extension",
      "name": "f5vm01-reset-httpd",
      "provider": "provider.azurerm",
      "instances": [
        {
          "schema_version": 0,
          "attributes": {
            "auto_upgrade_minor_version": false,
            "id": "/subscriptions/77a036ca-421e-4694-be23-7589157c28de/resourceGroups/f5lab_rg/providers/Microsoft.Compute/virtualMachines/f5lab-f5vm01/extensions/f5env-f5vm01-reset-httpd",
            "name": "f5env-f5vm01-reset-httpd",
            "protected_settings": null,
            "publisher": "Microsoft.Azure.Extensions",
            "settings": "{\"commandToExecute\":\"tmsh modify sys httpd ssl-port 443; exit 0\"}",
            "tags": {
              "Name": "f5env-f5vm01-reset-httpd",
              "application": "f5app",
              "costcenter": "f5costcenter",
              "environment": "f5env",
              "group": "f5group",
              "owner": "f5owner"
            },
            "timeouts": null,
            "type": "CustomScript",
            "type_handler_version": "2.0",
            "virtual_machine_id": "/subscriptions/77a036ca-421e-4694-be23-7589157c28de/resourceGroups/f5lab_rg/providers/Microsoft.Compute/virtualMachines/f5lab-f5vm01"
          },
          "private": "eyJlMmJmYjczMC1lY2FhLTExZTYtOGY4OC0zNDM2M2JjN2M0YzAiOnsiY3JlYXRlIjoxODAwMDAwMDAwMDAwLCJkZWxldGUiOjE4MDAwMDAwMDAwMDAsInJlYWQiOjMwMDAwMDAwMDAwMCwidXBkYXRlIjoxODAwMDAwMDAwMDAwfX0=",
          "dependencies": [
            "azurerm_availability_set.avset",
            "azurerm_network_interface.vm01-mgmt-nic",
            "azurerm_resource_group.main",
            "azurerm_virtual_machine.f5vm01",
            "null_resource.filecopy_as3_vm01",
            "null_resource.filecopy_do_vm01"
          ]
        }
      ]
    },
    {
      "mode": "managed",
      "type": "azurerm_virtual_machine_extension",
      "name": "f5vm02-reset-httpd",
      "provider": "provider.azurerm",
      "instances": [
        {
          "status": "tainted",
          "schema_version": 0,
          "attributes": {
            "auto_upgrade_minor_version": false,
            "id": "/subscriptions/77a036ca-421e-4694-be23-7589157c28de/resourceGroups/f5lab_rg/providers/Microsoft.Compute/virtualMachines/f5lab-f5vm02/extensions/f5env-f5vm02-run-reset-httpd",
            "name": "f5env-f5vm02-run-reset-httpd",
            "protected_settings": null,
            "publisher": "Microsoft.Azure.Extensions",
            "settings": "{\"commandToExecute\":\"tmsh modify sys httpd ssl-port 443; exit 0\"}",
            "tags": {
              "Name": "f5env-f5vm02-reset-httpd",
              "application": "f5app",
              "costcenter": "f5costcenter",
              "environment": "f5env",
              "group": "f5group",
              "owner": "f5owner"
            },
            "timeouts": null,
            "type": "CustomScript",
            "type_handler_version": "2.0",
            "virtual_machine_id": "/subscriptions/77a036ca-421e-4694-be23-7589157c28de/resourceGroups/f5lab_rg/providers/Microsoft.Compute/virtualMachines/f5lab-f5vm02"
          }
        }
      ]
    },
    {
      "mode": "managed",
      "type": "local_file",
      "name": "vm01_do_file",
      "provider": "provider.local",
      "instances": [
        {
          "schema_version": 0,
          "attributes": {
            "content": "{\r\n    \"schemaVersion\": \"1.0.0\",\r\n    \"class\": \"Device\",\r\n    \"label\": \"Basic onboarding\",\r\n    \"Common\": {\r\n        \"class\": \"Tenant\",\r\n        \"hostname\": \"f5vm01.example.com\",\r\n        \"dbvars\": {\r\n            \"class\": \"DbVariables\",\r\n            \"ui.advisory.enabled\": true,\r\n            \"ui.advisory.color\": \"green\",\r\n            \"ui.advisory.text\": \"/Common/hostname\"\r\n        },\r\n        \"myDns\": {\r\n            \"class\": \"DNS\",\r\n            \"nameServers\": [\r\n                \"8.8.8.8\"\r\n            ],\r\n            \"search\": [\r\n                \"f5.com\"\r\n            ]\r\n        },\r\n        \"myNtp\": {\r\n            \"class\": \"NTP\",\r\n            \"servers\": [\r\n                \"0.us.pool.ntp.org\",\r\n                \"0.pool.ntp.org\",\r\n                \"1.pool.ntp.org\"\r\n            ],\r\n            \"timezone\": \"UTC\"\r\n        },\r\n        \"myProvisioning\": {\r\n            \"class\": \"Provision\",\r\n            \"ltm\": \"nominal\"\r\n        },\r\n        \"external\": {\r\n            \"class\": \"VLAN\",\r\n            \"tag\": 4094,\r\n            \"mtu\": 1500,\r\n            \"interfaces\": [\r\n                {\r\n                    \"name\": \"1.1\",\r\n                    \"tagged\": false\r\n                }\r\n            ]\r\n        },\r\n        \"external-self\": {\r\n            \"class\": \"SelfIp\",\r\n            \"address\": \"10.216.8.5/24\",\r\n            \"vlan\": \"external\",\r\n            \"allowService\": \"default\",\r\n            \"trafficGroup\": \"traffic-group-local-only\"\r\n        },\r\n        \"default\": {\r\n            \"class\": \"Route\",\r\n            \"gw\": \"10.216.8.1\",\r\n            \"network\": \"default\",\r\n            \"mtu\": 1500\r\n        },\r\n\t\t\"configsync\": {\r\n\t    \"class\": \"ConfigSync\",\r\n    \t    \"configsyncIp\": \"/Common/external-self/address\"\r\n\t},\r\n\t\"syncGroup\": {\r\n\t    \"class\": \"DeviceGroup\",\r\n\t    \"type\": \"sync-only\",\r\n\t    \"members\": [\"f5vm01.example.com\", \"f5vm02.example.com\"],\r\n\t    \"owner\": \"/Common/syncGroup/members/0\",\r\n\t    \"autoSync\": true,\r\n\t    \"saveOnAutoSync\": true,\r\n\t    \"networkFailover\": false,\r\n\t    \"fullLoadOnSync\": false,\r\n\t    \"asmSync\": false\r\n\t},\r\n\t\"trust\": {\r\n\t    \"class\": \"DeviceTrust\",\r\n\t    \"localUsername\": \"azureuser\",\r\n\t    \"localPassword\": \"7h@n05!\",\r\n\t    \"remoteHost\": \"10.216.8.10\",\r\n\t    \"remoteUsername\": \"azureuser\",\r\n\t    \"remotePassword\": \"7h@n05!\"\r\n\t}\r\n        \r\n    }\r\n}",
            "content_base64": null,
            "directory_permission": "0777",
            "file_permission": "0777",
            "filename": "./vm01_do_data.json",
            "id": "ed62dae41f50bfa7f5200f12102eb43760283cf0",
            "sensitive_content": null
          },
          "private": "bnVsbA==",
          "dependencies": [
            "azurerm_network_interface.vm01-mgmt-nic",
            "azurerm_network_interface.vm02-mgmt-nic",
            "azurerm_resource_group.main"
          ]
        }
      ]
    },
    {
      "mode": "managed",
      "type": "local_file",
      "name": "vm02_do_file",
      "provider": "provider.local",
      "instances": [
        {
          "schema_version": 0,
          "attributes": {
            "content": "{\r\n    \"schemaVersion\": \"1.0.0\",\r\n    \"class\": \"Device\",\r\n    \"label\": \"Basic onboarding\",\r\n    \"Common\": {\r\n        \"class\": \"Tenant\",\r\n        \"hostname\": \"f5vm02.example.com\",\r\n        \"dbvars\": {\r\n            \"class\": \"DbVariables\",\r\n            \"ui.advisory.enabled\": true,\r\n            \"ui.advisory.color\": \"green\",\r\n            \"ui.advisory.text\": \"/Common/hostname\"\r\n        },\r\n        \"myDns\": {\r\n            \"class\": \"DNS\",\r\n            \"nameServers\": [\r\n                \"8.8.8.8\"\r\n            ],\r\n            \"search\": [\r\n                \"f5.com\"\r\n            ]\r\n        },\r\n        \"myNtp\": {\r\n            \"class\": \"NTP\",\r\n            \"servers\": [\r\n                \"0.us.pool.ntp.org\",\r\n                \"0.pool.ntp.org\",\r\n                \"1.pool.ntp.org\"\r\n            ],\r\n            \"timezone\": \"UTC\"\r\n        },\r\n        \"myProvisioning\": {\r\n            \"class\": \"Provision\",\r\n            \"ltm\": \"nominal\"\r\n        },\r\n        \"external\": {\r\n            \"class\": \"VLAN\",\r\n            \"tag\": 4094,\r\n            \"mtu\": 1500,\r\n            \"interfaces\": [\r\n                {\r\n                    \"name\": \"1.1\",\r\n                    \"tagged\": false\r\n                }\r\n            ]\r\n        },\r\n        \"external-self\": {\r\n            \"class\": \"SelfIp\",\r\n            \"address\": \"10.216.8.10/24\",\r\n            \"vlan\": \"external\",\r\n            \"allowService\": \"default\",\r\n            \"trafficGroup\": \"traffic-group-local-only\"\r\n        },\r\n        \"default\": {\r\n            \"class\": \"Route\",\r\n            \"gw\": \"10.216.8.1\",\r\n            \"network\": \"default\",\r\n            \"mtu\": 1500\r\n        },\r\n\t\t\"configsync\": {\r\n\t    \"class\": \"ConfigSync\",\r\n    \t    \"configsyncIp\": \"/Common/external-self/address\"\r\n\t},\r\n\t\"syncGroup\": {\r\n\t    \"class\": \"DeviceGroup\",\r\n\t    \"type\": \"sync-only\",\r\n\t    \"members\": [\"f5vm01.example.com\", \"f5vm02.example.com\"],\r\n\t    \"owner\": \"/Common/syncGroup/members/0\",\r\n\t    \"autoSync\": true,\r\n\t    \"saveOnAutoSync\": true,\r\n\t    \"networkFailover\": false,\r\n\t    \"fullLoadOnSync\": false,\r\n\t    \"asmSync\": false\r\n\t},\r\n\t\"trust\": {\r\n\t    \"class\": \"DeviceTrust\",\r\n\t    \"localUsername\": \"azureuser\",\r\n\t    \"localPassword\": \"7h@n05!\",\r\n\t    \"remoteHost\": \"10.216.8.5\",\r\n\t    \"remoteUsername\": \"azureuser\",\r\n\t    \"remotePassword\": \"7h@n05!\"\r\n\t}\r\n        \r\n    }\r\n}",
            "content_base64": null,
            "directory_permission": "0777",
            "file_permission": "0777",
            "filename": "./vm02_do_data.json",
            "id": "2469182127a63d0c0fc7bc930d6b224d21abc3df",
            "sensitive_content": null
          },
          "private": "bnVsbA==",
          "dependencies": [
            "azurerm_network_interface.vm01-mgmt-nic",
            "azurerm_network_interface.vm02-mgmt-nic",
            "azurerm_resource_group.main"
          ]
        }
      ]
    },
    {
      "mode": "managed",
      "type": "local_file",
      "name": "vm_as3_file",
      "provider": "provider.local",
      "instances": [
        {
          "schema_version": 0,
          "attributes": {
            "content": "{\r\n  \"class\": \"AS3\",\r\n  \"action\": \"deploy\",\r\n  \"persist\": true,\r\n  \"declaration\": {\r\n    \"class\": \"ADC\",\r\n    \"schemaVersion\": \"3.0.0\",\r\n    \"id\": \"123abc\",\r\n    \"label\": \"Sample 1\",\r\n    \"remark\": \"HTTPS with predictive-node pool\",\r\n    \"Sample_01\": {\r\n      \"class\": \"Tenant\",\r\n      \"Shared\": {\r\n        \"class\":\"Application\",\r\n        \"template\":\"shared\",\r\n        \"serviceAddress\": {\r\n          \"class\":\"Service_Address\",\r\n          \"virtualAddress\":\"0.0.0.0\"}\r\n      },\r\n      \"A1\": {\r\n        \"class\": \"Application\",\r\n        \"template\": \"https\",\r\n        \"serviceMain\": {\r\n          \"class\": \"Service_HTTPS\",\r\n          \"virtualPort\": 8443,\r\n          \"virtualAddresses\": [{\r\n\t    \"use\":\"/Sample_01/Shared/serviceAddress\"\r\n\t  }],\r\n          \"pool\": \"web_pool\",\r\n          \"clientTLS\": \"serverssl\",\r\n\t\t  \"serverTLS\": \"webtls\"\r\n        },\r\n        \"web_pool\": {\r\n          \"class\": \"Pool\",\r\n          \"loadBalancingMode\": \"predictive-node\",\r\n          \"members\": [{\r\n              \"servicePort\": 443,\r\n              \"serverAddresses\": [\r\n                \"10.216.8.14\"\r\n             ]  \r\n\t  }]\r\n        },\r\n\t\t\"serverssl\": {\r\n          \"class\": \"TLS_Client\"\r\n        },\r\n        \"webtls\": {\r\n          \"class\": \"TLS_Server\",\r\n          \"certificates\": [{\r\n            \"certificate\": \"webcert\"\r\n          }]\r\n        },\r\n        \"webcert\": {\r\n          \"class\": \"Certificate\",\r\n          \"remark\": \"in practice we recommend using a passphrase\",\r\n          \"certificate\": \"-----BEGIN CERTIFICATE-----\\nMIIEKjCCAxKgAwIBAgIJAOo6Jt/+kSRiMA0GCSqGSIb3DQEBCwUAMGsxCzAJBgNVBAYTAlVTMQ4wDAYDVQQIEwVUZXhhczEPMA0GA1UEBxMGRm9ybmV5MQswCQYDVQQKEwJKUDELMAkGA1UECxMCSlAxCzAJBgNVBAMTAkpQMRQwEgYJKoZIhvcNAQkBFgVqcEBqcDAeFw0yMDA0MTUxNDM1MzFaFw0yMTA0MTUxNDM1MzFaMGsxCzAJBgNVBAYTAlVTMQ4wDAYDVQQIEwVUZXhhczEPMA0GA1UEBxMGRm9ybmV5MQswCQYDVQQKEwJKUDELMAkGA1UECxMCSlAxCzAJBgNVBAMTAkpQMRQwEgYJKoZIhvcNAQkBFgVqcEBqcDCCASIwDQYJKoZIhvcNAQEBBQADggEPADCCAQoCggEBALzBeJ/Ij5X4hgXR9wWQCwvRZyMmM/t6/K9Xm/SKiCbUKcZLL7U9SDPyr4mBqJzkVrICGj+i2jlfEb634AMcSUhwkQE2o8+WyDM2vAHdsrb+e1l1SBfMo1jtgx4yRJKnvGVGto7DiIw7Wq8TUCOeXErwml7WIK7tAdVgQoqj4B+YcEsOHtc3RuZu9HHNZ98RrS3nlAwu8N2bAJiKVDFME+l2ilxRupDe/NcKmWmU29wMAVAgqwOor7cKUNwj/CAwhBu8vv6rK2/IWeLR70WX/65/3qaF3RsVLQZ3v6pkHyDmtmvk9CbysLqkHwBTJTk4gAyOHBTzX1QoeSIISYI665cCAwEAAaOB0DCBzTAdBgNVHQ4EFgQU4x8/a3CkBoTxQIZ6jAP7DFPtA80wgZ0GA1UdIwSBlTCBkoAU4x8/a3CkBoTxQIZ6jAP7DFPtA82hb6RtMGsxCzAJBgNVBAYTAlVTMQ4wDAYDVQQIEwVUZXhhczEPMA0GA1UEBxMGRm9ybmV5MQswCQYDVQQKEwJKUDELMAkGA1UECxMCSlAxCzAJBgNVBAMTAkpQMRQwEgYJKoZIhvcNAQkBFgVqcEBqcIIJAOo6Jt/+kSRiMAwGA1UdEwQFMAMBAf8wDQYJKoZIhvcNAQELBQADggEBAJls3Juqojvul8xwuWJPxlVHkWVsdEDSrhwOEvK+hvNYs3fA6+ubh08wjFSPR9D/KnUphRZqru/1gcMFk4PMq5zRwfEPuPKAb6b9VgTH0ZHD6bHVlSS9pJ4/s6Ms+4I7FbQZisHWWe+3gytMfIY2jaZfGWcQ5UtHKy1orAnYGMDCtehVf5Ps6rjd5PEGu4g1cfL7tf97y49YGllyCs8Sz3VmNJ5tbGQGA0o9AL95DiQH8nyzRUM4VP/3+obrhpOY9PH+z6cIlswgEVpj9/imsQiQC+8n2J3y5QK/yfdtsg7pWVczV7WLPh2vqWny+AOniiQH3/Px7EBho5h3mOZr9zE=\\n-----END CERTIFICATE-----\",\r\n          \"privateKey\": \"-----BEGIN RSA PRIVATE KEY-----\\nMIIEpAIBAAKCAQEAvMF4n8iPlfiGBdH3BZALC9FnIyYz+3r8r1eb9IqIJtQpxksvtT1IM/KviYGonORWsgIaP6LaOV8RvrfgAxxJSHCRATajz5bIMza8Ad2ytv57WXVIF8yjWO2DHjJEkqe8ZUa2jsOIjDtarxNQI55cSvCaXtYgru0B1WBCiqPgH5hwSw4e1zdG5m70cc1n3xGtLeeUDC7w3ZsAmIpUMUwT6XaKXFG6kN781wqZaZTb3AwBUCCrA6ivtwpQ3CP8IDCEG7y+/qsrb8hZ4tHvRZf/rn/epoXdGxUtBne/qmQfIOa2a+T0JvKwuqQfAFMlOTiADI4cFPNfVCh5IghJgjrrlwIDAQABAoIBAQCdHssi7lcfdk1RoPJnzfxz7O5WYuGYb0rRRjMKfxpQgAD6D/H5graMj3IxGx3Y43WLHZbt68iNQybJQ9QTosMZqqH5iZsYHKIvh1s+jmXKT9ErqSXGsdAzIRoo050jGr8G6rLh6b/LQ0j8PS5TR+n5c4h8cu+nzJ/fFw6syzav9Myu1yTrIeRXZK398tZw7FO/bkDp0KHUHMV9CrYvdATP+n+c5myYp+To1HwT9RmH3vZ6elJYKYKbUXzZEfxJ1wf9rNJvz6/PnCWlSgv8aYdip1JLsfVy7Ul1rmDzK+Al/QCo5hprf5hNU2Q2gWKClv1f47sabgm/bgnMA/OJJpIZAoGBAOn+PRZRgZ4nATRO6fdtHvsJP2B3hc3bKX1k1rz4VHTHms+NWfSTTRoaCU0ChS5tvWtVUBAW8mwLX/eEKb5MRf80jcQVMNCK2Xpo5e0mYinzu4JJzNwoIrd0gMQGo8+JHEaqWsXeEh8FZJ9dPswaxTkvo1CsJG7EDsmVsWtyvnhNAoGBAM6CEebB1BbJAaJMGH9iD0fSeo8PP/OwkTynLGhRgR2y2ynwUY+WfPG8xylFZSSdpi674wxanFHPeFybblFs3jE4RO/JkmIkoIlqQlkCbq2mAz40+XUBGy45Bmxy/rtDNFVTyJ/2Tf+yDI/I+FjH/Dk8aHlcnIVKZqFv4lJwRuVzAoGAaGmmYJsmN6g4BVthU6NBu8s4mJc9AcrWDLo+iDxXk3SuRAdTKKvCL++GTvLc8wbNC2QaQdO7gTLiM9Spu9zVLzgIOoMqMSSEPvcoAlaqXwX/mffMjkDqnOpDuzUrS6RnFbFWqAycEXOanvJA31rivs3fFlR6PWMHJjTB4qxlCdECgYAUylePCdiWaqo1cr/Mo0yyiGg6WuivWgllN9dqsTn0iXszH7S2ZgoyNDVA3HGwXAbNEbFsHvs56U9O038px3IfNnEKSxrnspRPAVmoqGwII3yUGLU8qF3aK3eQF4u5wqxUItlB8YQsx/onx63pEkk8Ye6KuV4wtSrb+e2pKxCYLQKBgQDRTDlPiF7obcuPIbKYwT4cfdFJaHevwuNFicdelQHm3PUHpjwEbcJ9ewWmzmalylaEmOpeif+79N3E/DbfAzUqupeOzIviJfR+XuVPT8hcmCvjzbt9/1Jl7GGEer7FgpC7cMjUWZNCdHIw1sEQkN/t5IkswXwY6LeR0dSBysjy3Q==\\n-----END RSA PRIVATE KEY-----\"\r\n        }\r\n      }\r\n    }\r\n  }\r\n}\r\n\r\n",
            "content_base64": null,
            "directory_permission": "0777",
            "file_permission": "0777",
            "filename": "./vm_as3_data.json",
            "id": "b87443ca5a19571d9cb1bed4d28d68d8e6695e4b",
            "sensitive_content": null
          },
          "private": "bnVsbA==",
          "dependencies": [
            "azurerm_resource_group.main"
          ]
        }
      ]
    },
    {
      "mode": "managed",
      "type": "null_resource",
      "name": "backendvm-remote",
      "provider": "provider.null",
      "instances": [
        {
          "schema_version": 0,
          "attributes": {
            "id": "2229788337200398250",
            "triggers": null
          },
          "dependencies": [
            "azurerm_network_interface.backend01-ext-nic",
            "azurerm_resource_group.main",
            "azurerm_virtual_machine.backendvm",
            "null_resource.filecopy_backend"
          ]
        }
      ]
    },
    {
      "mode": "managed",
      "type": "null_resource",
      "name": "backendvm01-remote",
      "provider": "provider.null",
      "instances": [
        {
          "schema_version": 0,
          "attributes": {
            "id": "847795089753444170",
            "triggers": null
          },
          "private": "bnVsbA==",
          "dependencies": [
            "azurerm_network_interface.backendvm01-ext-nic",
            "null_resource.filecopy_backendvm01"
          ]
        }
      ]
    },
    {
      "mode": "managed",
      "type": "null_resource",
      "name": "f5vm01-run-AS3",
      "provider": "provider.null",
      "instances": [
        {
          "schema_version": 0,
          "attributes": {
            "id": "1386279129632042391",
            "triggers": null
          },
          "private": "bnVsbA==",
          "dependencies": [
            "azurerm_availability_set.avset",
            "azurerm_network_interface.vm01-mgmt-nic",
            "azurerm_network_interface.vm02-mgmt-nic",
            "azurerm_resource_group.main",
            "azurerm_virtual_machine.f5vm01",
            "azurerm_virtual_machine_extension.f5vm01-reset-httpd",
            "null_resource.f5vm01-run-DO",
            "null_resource.f5vm01_as3_installer",
            "null_resource.f5vm01_do_installer",
            "null_resource.f5vm02-run-DO",
            "null_resource.filecopy_as3_vm01",
            "null_resource.filecopy_do_vm01"
          ]
        }
      ]
    },
    {
      "mode": "managed",
      "type": "null_resource",
      "name": "f5vm01-run-DO",
      "provider": "provider.null",
      "instances": [
        {
          "schema_version": 0,
          "attributes": {
            "id": "2741000168364476296",
            "triggers": null
          },
          "dependencies": [
            "azurerm_availability_set.avset",
            "azurerm_network_interface.vm01-mgmt-nic",
            "azurerm_resource_group.main",
            "azurerm_virtual_machine.f5vm01",
            "azurerm_virtual_machine_extension.f5vm01-reset-httpd",
            "null_resource.f5vm01_as3_installer",
            "null_resource.f5vm01_do_installer",
            "null_resource.filecopy_as3_vm01",
            "null_resource.filecopy_do_vm01"
          ]
        }
      ]
    },
    {
      "mode": "managed",
      "type": "null_resource",
      "name": "f5vm01_as3_installer",
      "provider": "provider.null",
      "instances": [
        {
          "schema_version": 0,
          "attributes": {
            "id": "7323055901357414808",
            "triggers": null
          },
          "dependencies": [
            "azurerm_availability_set.avset",
            "azurerm_network_interface.vm01-mgmt-nic",
            "azurerm_resource_group.main",
            "azurerm_virtual_machine.f5vm01",
            "azurerm_virtual_machine_extension.f5vm01-reset-httpd",
            "null_resource.f5vm01_do_installer",
            "null_resource.filecopy_as3_vm01",
            "null_resource.filecopy_do_vm01"
          ]
        }
      ]
    },
    {
      "mode": "managed",
      "type": "null_resource",
      "name": "f5vm01_do_installer",
      "provider": "provider.null",
      "instances": [
        {
          "schema_version": 0,
          "attributes": {
            "id": "454095937766621923",
            "triggers": null
          },
          "dependencies": [
            "azurerm_availability_set.avset",
            "azurerm_network_interface.vm01-mgmt-nic",
            "azurerm_resource_group.main",
            "azurerm_virtual_machine.f5vm01",
            "azurerm_virtual_machine_extension.f5vm01-reset-httpd",
            "null_resource.filecopy_as3_vm01",
            "null_resource.filecopy_do_vm01"
          ]
        }
      ]
    },
    {
      "mode": "managed",
      "type": "null_resource",
      "name": "f5vm02-run-AS3",
      "provider": "provider.null",
      "instances": [
        {
          "schema_version": 0,
          "attributes": {
            "id": "8317937299976238895",
            "triggers": null
          },
          "private": "bnVsbA==",
          "dependencies": [
            "azurerm_availability_set.avset",
            "azurerm_network_interface.vm01-mgmt-nic",
            "azurerm_network_interface.vm02-mgmt-nic",
            "azurerm_resource_group.main",
            "azurerm_virtual_machine.f5vm01",
            "azurerm_virtual_machine_extension.f5vm01-reset-httpd",
            "null_resource.f5vm01-run-AS3",
            "null_resource.f5vm01-run-DO",
            "null_resource.f5vm01_as3_installer",
            "null_resource.f5vm01_do_installer",
            "null_resource.f5vm02-run-DO",
            "null_resource.filecopy_as3_vm01",
            "null_resource.filecopy_do_vm01"
          ]
        }
      ]
    },
    {
      "mode": "managed",
      "type": "null_resource",
      "name": "f5vm02-run-DO",
      "provider": "provider.null",
      "instances": [
        {
          "schema_version": 0,
          "attributes": {
            "id": "6960497470560039774",
            "triggers": null
          },
          "private": "bnVsbA==",
          "dependencies": [
            "azurerm_network_interface.vm02-mgmt-nic",
            "null_resource.f5vm01-run-DO"
          ]
        }
      ]
    },
    {
      "mode": "managed",
      "type": "null_resource",
      "name": "f5vm02_as3_installer",
      "provider": "provider.null",
      "instances": [
        {
          "schema_version": 0,
          "attributes": {
            "id": "6383246406774012726",
            "triggers": null
          },
          "private": "bnVsbA==",
          "dependencies": [
            "azurerm_availability_set.avset",
            "azurerm_network_interface.vm02-mgmt-nic",
            "azurerm_resource_group.main",
            "azurerm_virtual_machine.f5vm02",
            "azurerm_virtual_machine_extension.f5vm02-reset-httpd",
            "null_resource.f5vm02_do_installer",
            "null_resource.filecopy_as3_vm02",
            "null_resource.filecopy_do_vm02"
          ]
        }
      ]
    },
    {
      "mode": "managed",
      "type": "null_resource",
      "name": "f5vm02_do_installer",
      "provider": "provider.null",
      "instances": [
        {
          "schema_version": 0,
          "attributes": {
            "id": "7455663217239180957",
            "triggers": null
          },
          "private": "bnVsbA==",
          "dependencies": [
            "azurerm_availability_set.avset",
            "azurerm_network_interface.vm02-mgmt-nic",
            "azurerm_resource_group.main",
            "azurerm_virtual_machine.f5vm02",
            "azurerm_virtual_machine_extension.f5vm02-reset-httpd",
            "null_resource.filecopy_as3_vm02",
            "null_resource.filecopy_do_vm02"
          ]
        }
      ]
    },
    {
      "mode": "managed",
      "type": "null_resource",
      "name": "filecopy_as3_vm01",
      "provider": "provider.null",
      "instances": [
        {
          "schema_version": 0,
          "attributes": {
            "id": "2090044484887724588",
            "triggers": null
          },
          "dependencies": [
            "azurerm_availability_set.avset",
            "azurerm_network_interface.vm01-mgmt-nic",
            "azurerm_resource_group.main",
            "azurerm_virtual_machine.f5vm01"
          ]
        }
      ]
    },
    {
      "mode": "managed",
      "type": "null_resource",
      "name": "filecopy_as3_vm02",
      "provider": "provider.null",
      "instances": [
        {
          "schema_version": 0,
          "attributes": {
            "id": "5897964199641151504",
            "triggers": null
          },
          "dependencies": [
            "azurerm_availability_set.avset",
            "azurerm_network_interface.vm02-mgmt-nic",
            "azurerm_resource_group.main",
            "azurerm_virtual_machine.f5vm02"
          ]
        }
      ]
    },
    {
      "mode": "managed",
      "type": "null_resource",
      "name": "filecopy_backendvm01",
      "provider": "provider.null",
      "instances": [
        {
          "schema_version": 0,
          "attributes": {
            "id": "4363699577415519073",
            "triggers": null
          },
          "dependencies": [
            "azurerm_network_interface.backendvm01-ext-nic",
            "azurerm_virtual_machine.backendvm01"
          ]
        }
      ]
    },
    {
      "mode": "managed",
      "type": "null_resource",
      "name": "filecopy_do_vm01",
      "provider": "provider.null",
      "instances": [
        {
          "schema_version": 0,
          "attributes": {
            "id": "6112411288161928711",
            "triggers": null
          },
          "dependencies": [
            "azurerm_availability_set.avset",
            "azurerm_network_interface.vm01-mgmt-nic",
            "azurerm_resource_group.main",
            "azurerm_virtual_machine.f5vm01"
          ]
        }
      ]
    },
    {
      "mode": "managed",
      "type": "null_resource",
      "name": "filecopy_do_vm02",
      "provider": "provider.null",
      "instances": [
        {
          "schema_version": 0,
          "attributes": {
            "id": "7508020875258844992",
            "triggers": null
          },
          "dependencies": [
            "azurerm_availability_set.avset",
            "azurerm_network_interface.vm02-mgmt-nic",
            "azurerm_resource_group.main",
            "azurerm_virtual_machine.f5vm02"
          ]
        }
      ]
    }
  ]
}
